// !$*UTF8*$!
{
	archiveVersion = 1;
	classes = {
	};
	objectVersion = 48;
	objects = {

/* Begin PBXBuildFile section */
		1B492D501FCDA113003A7306 /* AppDelegate.swift in Sources */ = {isa = PBXBuildFile; fileRef = 1B492D4F1FCDA113003A7306 /* AppDelegate.swift */; };
		1B492D521FCDA114003A7306 /* ViewController.swift in Sources */ = {isa = PBXBuildFile; fileRef = 1B492D511FCDA114003A7306 /* ViewController.swift */; };
		1B492D551FCDA114003A7306 /* Main.storyboard in Resources */ = {isa = PBXBuildFile; fileRef = 1B492D531FCDA114003A7306 /* Main.storyboard */; };
		1B492D571FCDA114003A7306 /* Assets.xcassets in Resources */ = {isa = PBXBuildFile; fileRef = 1B492D561FCDA114003A7306 /* Assets.xcassets */; };
		1B492D5A1FCDA114003A7306 /* LaunchScreen.storyboard in Resources */ = {isa = PBXBuildFile; fileRef = 1B492D581FCDA114003A7306 /* LaunchScreen.storyboard */; };
		1B492D621FCDA130003A7306 /* RootClass.swift in Sources */ = {isa = PBXBuildFile; fileRef = 1B492D611FCDA130003A7306 /* RootClass.swift */; };
		1B492D641FCDA162003A7306 /* ChildClass.swift in Sources */ = {isa = PBXBuildFile; fileRef = 1B492D631FCDA162003A7306 /* ChildClass.swift */; };
/* End PBXBuildFile section */

/* Begin PBXFileReference section */
		1B492D4C1FCDA113003A7306 /* TestPrivate+Extension.app */ = {isa = PBXFileReference; explicitFileType = wrapper.application; includeInIndex = 0; path = "TestPrivate+Extension.app"; sourceTree = BUILT_PRODUCTS_DIR; };
		1B492D4F1FCDA113003A7306 /* AppDelegate.swift */ = {isa = PBXFileReference; lastKnownFileType = sourcecode.swift; path = AppDelegate.swift; sourceTree = "<group>"; };
		1B492D511FCDA114003A7306 /* ViewController.swift */ = {isa = PBXFileReference; lastKnownFileType = sourcecode.swift; path = ViewController.swift; sourceTree = "<group>"; };
		1B492D541FCDA114003A7306 /* Base */ = {isa = PBXFileReference; lastKnownFileType = file.storyboard; name = Base; path = Base.lproj/Main.storyboard; sourceTree = "<group>"; };
		1B492D561FCDA114003A7306 /* Assets.xcassets */ = {isa = PBXFileReference; lastKnownFileType = folder.assetcatalog; path = Assets.xcassets; sourceTree = "<group>"; };
		1B492D591FCDA114003A7306 /* Base */ = {isa = PBXFileReference; lastKnownFileType = file.storyboard; name = Base; path = Base.lproj/LaunchScreen.storyboard; sourceTree = "<group>"; };
		1B492D5B1FCDA114003A7306 /* Info.plist */ = {isa = PBXFileReference; lastKnownFileType = text.plist.xml; path = Info.plist; sourceTree = "<group>"; };
		1B492D611FCDA130003A7306 /* RootClass.swift */ = {isa = PBXFileReference; lastKnownFileType = sourcecode.swift; path = RootClass.swift; sourceTree = "<group>"; };
		1B492D631FCDA162003A7306 /* ChildClass.swift */ = {isa = PBXFileReference; lastKnownFileType = sourcecode.swift; path = ChildClass.swift; sourceTree = "<group>"; };
/* End PBXFileReference section */

/* Begin PBXFrameworksBuildPhase section */
		1B492D491FCDA113003A7306 /* Frameworks */ = {
			isa = PBXFrameworksBuildPhase;
			buildActionMask = 2147483647;
			files = (
			);
			runOnlyForDeploymentPostprocessing = 0;
		};
/* End PBXFrameworksBuildPhase section */

/* Begin PBXGroup section */
		1B492D431FCDA113003A7306 = {
			isa = PBXGroup;
			children = (
				1B492D4E1FCDA113003A7306 /* TestPrivate+Extension */,
				1B492D4D1FCDA113003A7306 /* Products */,
			);
			sourceTree = "<group>";
		};
		1B492D4D1FCDA113003A7306 /* Products */ = {
			isa = PBXGroup;
			children = (
				1B492D4C1FCDA113003A7306 /* TestPrivate+Extension.app */,
			);
			name = Products;
			sourceTree = "<group>";
		};
		1B492D4E1FCDA113003A7306 /* TestPrivate+Extension */ = {
			isa = PBXGroup;
			children = (
				1B492D4F1FCDA113003A7306 /* AppDelegate.swift */,
				1B492D511FCDA114003A7306 /* ViewController.swift */,
				1B492D611FCDA130003A7306 /* RootClass.swift */,
				1B492D631FCDA162003A7306 /* ChildClass.swift */,
				1B492D531FCDA114003A7306 /* Main.storyboard */,
				1B492D561FCDA114003A7306 /* Assets.xcassets */,
				1B492D581FCDA114003A7306 /* LaunchScreen.storyboard */,
				1B492D5B1FCDA114003A7306 /* Info.plist */,
			);
			path = "TestPrivate+Extension";
			sourceTree = "<group>";
		};
/* End PBXGroup section */

/* Begin PBXNativeTarget section */
		1B492D4B1FCDA113003A7306 /* TestPrivate+Extension */ = {
			isa = PBXNativeTarget;
			buildConfigurationList = 1B492D5E1FCDA114003A7306 /* Build configuration list for PBXNativeTarget "TestPrivate+Extension" */;
			buildPhases = (
				1B492D481FCDA113003A7306 /* Sources */,
				1B492D491FCDA113003A7306 /* Frameworks */,
				1B492D4A1FCDA113003A7306 /* Resources */,
			);
			buildRules = (
			);
			dependencies = (
			);
			name = "TestPrivate+Extension";
			productName = "TestPrivate+Extension";
			productReference = 1B492D4C1FCDA113003A7306 /* TestPrivate+Extension.app */;
			productType = "com.apple.product-type.application";
		};
/* End PBXNativeTarget section */

/* Begin PBXProject section */
		1B492D441FCDA113003A7306 /* Project object */ = {
			isa = PBXProject;
			attributes = {
				LastSwiftUpdateCheck = 0910;
				LastUpgradeCheck = 0910;
				ORGANIZATIONNAME = "Dzmitry Kopats";
				TargetAttributes = {
					1B492D4B1FCDA113003A7306 = {
						CreatedOnToolsVersion = 9.1;
						ProvisioningStyle = Automatic;
					};
				};
			};
			buildConfigurationList = 1B492D471FCDA113003A7306 /* Build configuration list for PBXProject "TestPrivate+Extension" */;
			compatibilityVersion = "Xcode 8.0";
			developmentRegion = en;
			hasScannedForEncodings = 0;
			knownRegions = (
				en,
				Base,
			);
			mainGroup = 1B492D431FCDA113003A7306;
			productRefGroup = 1B492D4D1FCDA113003A7306 /* Products */;
			projectDirPath = "";
			projectRoot = "";
			targets = (
				1B492D4B1FCDA113003A7306 /* TestPrivate+Extension */,
			);
		};
/* End PBXProject section */

/* Begin PBXResourcesBuildPhase section */
		1B492D4A1FCDA113003A7306 /* Resources */ = {
			isa = PBXResourcesBuildPhase;
			buildActionMask = 2147483647;
			files = (
				1B492D5A1FCDA114003A7306 /* LaunchScreen.storyboard in Resources */,
				1B492D571FCDA114003A7306 /* Assets.xcassets in Resources */,
				1B492D551FCDA114003A7306 /* Main.storyboard in Resources */,
			);
			runOnlyForDeploymentPostprocessing = 0;
		};
/* End PBXResourcesBuildPhase section */

/* Begin PBXSourcesBuildPhase section */
		1B492D481FCDA113003A7306 /* Sources */ = {
			isa = PBXSourcesBuildPhase;
			buildActionMask = 2147483647;
			files = (
				1B492D521FCDA114003A7306 /* ViewController.swift in Sources */,
				1B492D641FCDA162003A7306 /* ChildClass.swift in Sources */,
				1B492D621FCDA130003A7306 /* RootClass.swift in Sources */,
				1B492D501FCDA113003A7306 /* AppDelegate.swift in Sources */,
			);
			runOnlyForDeploymentPostprocessing = 0;
		};
/* End PBXSourcesBuildPhase section */

/* Begin PBXVariantGroup section */
		1B492D531FCDA114003A7306 /* Main.storyboard */ = {
			isa = PBXVariantGroup;
			children = (
				1B492D541FCDA114003A7306 /* Base */,
			);
			name = Main.storyboard;
			sourceTree = "<group>";
		};
		1B492D581FCDA114003A7306 /* LaunchScreen.storyboard */ = {
			isa = PBXVariantGroup;
			children = (
				1B492D591FCDA114003A7306 /* Base */,
			);
			name = LaunchScreen.storyboard;
			sourceTree = "<group>";
		};
/* End PBXVariantGroup section */

/* Begin XCBuildConfiguration section */
		1B492D5C1FCDA114003A7306 /* Debug */ = {
			isa = XCBuildConfiguration;
			buildSettings = {
				ALWAYS_SEARCH_USER_PATHS = NO;
				CLANG_ANALYZER_NONNULL = YES;
				CLANG_ANALYZER_NUMBER_OBJECT_CONVERSION = YES_AGGRESSIVE;
				CLANG_CXX_LANGUAGE_STANDARD = "gnu++14";
				CLANG_CXX_LIBRARY = "libc++";
				CLANG_ENABLE_MODULES = YES;
				CLANG_ENABLE_OBJC_ARC = YES;
				CLANG_WARN_BLOCK_CAPTURE_AUTORELEASING = YES;
				CLANG_WARN_BOOL_CONVERSION = YES;
				CLANG_WARN_COMMA = YES;
				CLANG_WARN_CONSTANT_CONVERSION = YES;
				CLANG_WARN_DIRECT_OBJC_ISA_USAGE = YES_ERROR;
				CLANG_WARN_DOCUMENTATION_COMMENTS = YES;
				CLANG_WARN_EMPTY_BODY = YES;
				CLANG_WARN_ENUM_CONVERSION = YES;
				CLANG_WARN_INFINITE_RECURSION = YES;
				CLANG_WARN_INT_CONVERSION = YES;
				CLANG_WARN_NON_LITERAL_NULL_CONVERSION = YES;
				CLANG_WARN_OBJC_LITERAL_CONVERSION = YES;
				CLANG_WARN_OBJC_ROOT_CLASS = YES_ERROR;
				CLANG_WARN_RANGE_LOOP_ANALYSIS = YES;
				CLANG_WARN_STRICT_PROTOTYPES = YES;
				CLANG_WARN_SUSPICIOUS_MOVE = YES;
				CLANG_WARN_UNGUARDED_AVAILABILITY = YES_AGGRESSIVE;
				CLANG_WARN_UNREACHABLE_CODE = YES;
				CLANG_WARN__DUPLICATE_METHOD_MATCH = YES;
				CODE_SIGN_IDENTITY = "iPhone Developer";
				COPY_PHASE_STRIP = NO;
				DEBUG_INFORMATION_FORMAT = dwarf;
				ENABLE_STRICT_OBJC_MSGSEND = YES;
				ENABLE_TESTABILITY = YES;
				GCC_C_LANGUAGE_STANDARD = gnu11;
				GCC_DYNAMIC_NO_PIC = NO;
				GCC_NO_COMMON_BLOCKS = YES;
				GCC_OPTIMIZATION_LEVEL = 0;
				GCC_PREPROCESSOR_DEFINITIONS = (
					"DEBUG=1",
					"$(inherited)",
				);
				GCC_WARN_64_TO_32_BIT_CONVERSION = YES;
				GCC_WARN_ABOUT_RETURN_TYPE = YES_ERROR;
				GCC_WARN_UNDECLARED_SELECTOR = YES;
				GCC_WARN_UNINITIALIZED_AUTOS = YES_AGGRESSIVE;
				GCC_WARN_UNUSED_FUNCTION = YES;
				GCC_WARN_UNUSED_VARIABLE = YES;
				IPHONEOS_DEPLOYMENT_TARGET = 11.1;
				MTL_ENABLE_DEBUG_INFO = YES;
				ONLY_ACTIVE_ARCH = YES;
				SDKROOT = iphoneos;
				SWIFT_ACTIVE_COMPILATION_CONDITIONS = DEBUG;
				SWIFT_OPTIMIZATION_LEVEL = "-Onone";
			};
			name = Debug;
		};
		1B492D5D1FCDA114003A7306 /* Release */ = {
			isa = XCBuildConfiguration;
			buildSettings = {
				ALWAYS_SEARCH_USER_PATHS = NO;
				CLANG_ANALYZER_NONNULL = YES;
				CLANG_ANALYZER_NUMBER_OBJECT_CONVERSION = YES_AGGRESSIVE;
				CLANG_CXX_LANGUAGE_STANDARD = "gnu++14";
				CLANG_CXX_LIBRARY = "libc++";
				CLANG_ENABLE_MODULES = YES;
				CLANG_ENABLE_OBJC_ARC = YES;
				CLANG_WARN_BLOCK_CAPTURE_AUTORELEASING = YES;
				CLANG_WARN_BOOL_CONVERSION = YES;
				CLANG_WARN_COMMA = YES;
				CLANG_WARN_CONSTANT_CONVERSION = YES;
				CLANG_WARN_DIRECT_OBJC_ISA_USAGE = YES_ERROR;
				CLANG_WARN_DOCUMENTATION_COMMENTS = YES;
				CLANG_WARN_EMPTY_BODY = YES;
				CLANG_WARN_ENUM_CONVERSION = YES;
				CLANG_WARN_INFINITE_RECURSION = YES;
				CLANG_WARN_INT_CONVERSION = YES;
				CLANG_WARN_NON_LITERAL_NULL_CONVERSION = YES;
				CLANG_WARN_OBJC_LITERAL_CONVERSION = YES;
				CLANG_WARN_OBJC_ROOT_CLASS = YES_ERROR;
				CLANG_WARN_RANGE_LOOP_ANALYSIS = YES;
				CLANG_WARN_STRICT_PROTOTYPES = YES;
				CLANG_WARN_SUSPICIOUS_MOVE = YES;
				CLANG_WARN_UNGUARDED_AVAILABILITY = YES_AGGRESSIVE;
				CLANG_WARN_UNREACHABLE_CODE = YES;
				CLANG_WARN__DUPLICATE_METHOD_MATCH = YES;
				CODE_SIGN_IDENTITY = "iPhone Developer";
				COPY_PHASE_STRIP = NO;
				DEBUG_INFORMATION_FORMAT = "dwarf-with-dsym";
				ENABLE_NS_ASSERTIONS = NO;
				ENABLE_STRICT_OBJC_MSGSEND = YES;
				GCC_C_LANGUAGE_STANDARD = gnu11;
				GCC_NO_COMMON_BLOCKS = YES;
				GCC_WARN_64_TO_32_BIT_CONVERSION = YES;
				GCC_WARN_ABOUT_RETURN_TYPE = YES_ERROR;
				GCC_WARN_UNDECLARED_SELECTOR = YES;
				GCC_WARN_UNINITIALIZED_AUTOS = YES_AGGRESSIVE;
				GCC_WARN_UNUSED_FUNCTION = YES;
				GCC_WARN_UNUSED_VARIABLE = YES;
				IPHONEOS_DEPLOYMENT_TARGET = 11.1;
				MTL_ENABLE_DEBUG_INFO = NO;
				SDKROOT = iphoneos;
				SWIFT_OPTIMIZATION_LEVEL = "-Owholemodule";
				VALIDATE_PRODUCT = YES;
			};
			name = Release;
		};
		1B492D5F1FCDA114003A7306 /* Debug */ = {
			isa = XCBuildConfiguration;
			buildSettings = {
				ASSETCATALOG_COMPILER_APPICON_NAME = AppIcon;
				CODE_SIGN_STYLE = Automatic;
				INFOPLIST_FILE = "TestPrivate+Extension/Info.plist";
				LD_RUNPATH_SEARCH_PATHS = "$(inherited) @executable_path/Frameworks";
				PRODUCT_BUNDLE_IDENTIFIER = "com.kopats.dzmitry.TestPrivate-Extension";
				PRODUCT_NAME = "$(TARGET_NAME)";
				SWIFT_VERSION = 4.0;
				TARGETED_DEVICE_FAMILY = "1,2";
			};
			name = Debug;
		};
		1B492D601FCDA114003A7306 /* Release */ = {
			isa = XCBuildConfiguration;
			buildSettings = {
				ASSETCATALOG_COMPILER_APPICON_NAME = AppIcon;
				CODE_SIGN_STYLE = Automatic;
				INFOPLIST_FILE = "TestPrivate+Extension/Info.plist";
				LD_RUNPATH_SEARCH_PATHS = "$(inherited) @executable_path/Frameworks";
				PRODUCT_BUNDLE_IDENTIFIER = "com.kopats.dzmitry.TestPrivate-Extension";
				PRODUCT_NAME = "$(TARGET_NAME)";
				SWIFT_VERSION = 4.0;
				TARGETED_DEVICE_FAMILY = "1,2";
			};
			name = Release;
		};
/* End XCBuildConfiguration section */

/* Begin XCConfigurationList section */
		1B492D471FCDA113003A7306 /* Build configuration list for PBXProject "TestPrivate+Extension" */ = {
			isa = XCConfigurationList;
			buildConfigurations = (
				1B492D5C1FCDA114003A7306 /* Debug */,
				1B492D5D1FCDA114003A7306 /* Release */,
			);
			defaultConfigurationIsVisible = 0;
			defaultConfigurationName = Release;
		};
		1B492D5E1FCDA114003A7306 /* Build configuration list for PBXNativeTarget "TestPrivate+Extension" */ = {
			isa = XCConfigurationList;
			buildConfigurations = (
				1B492D5F1FCDA114003A7306 /* Debug */,
				1B492D601FCDA114003A7306 /* Release */,
			);
			defaultConfigurationIsVisible = 0;
			defaultConfigurationName = Release;
		};
/* End XCConfigurationList section */
	};
	rootObject = 1B492D441FCDA113003A7306 /* Project object */;
}
