// !$*UTF8*$!
{
	archiveVersion = 1;
	classes = {
	};
	objectVersion = 48;
	objects = {

/* Begin PBXBuildFile section */
		1B441614203D6753009214A3 /* AppDelegate.swift in Sources */ = {isa = PBXBuildFile; fileRef = 1B441613203D6753009214A3 /* AppDelegate.swift */; };
		1B44161B203D6753009214A3 /* Assets.xcassets in Resources */ = {isa = PBXBuildFile; fileRef = 1B44161A203D6753009214A3 /* Assets.xcassets */; };
		1B44161E203D6753009214A3 /* LaunchScreen.storyboard in Resources */ = {isa = PBXBuildFile; fileRef = 1B44161C203D6753009214A3 /* LaunchScreen.storyboard */; };
		1B441627203D6781009214A3 /* ImageTableViewController.swift in Sources */ = {isa = PBXBuildFile; fileRef = 1B441625203D6781009214A3 /* ImageTableViewController.swift */; };
		1B441628203D6781009214A3 /* ImageTableViewController.xib in Resources */ = {isa = PBXBuildFile; fileRef = 1B441626203D6781009214A3 /* ImageTableViewController.xib */; };
		1B44162B203D6797009214A3 /* ImageTableViewCell.swift in Sources */ = {isa = PBXBuildFile; fileRef = 1B441629203D6797009214A3 /* ImageTableViewCell.swift */; };
		1B44162C203D6797009214A3 /* ImageTableViewCell.xib in Resources */ = {isa = PBXBuildFile; fileRef = 1B44162A203D6797009214A3 /* ImageTableViewCell.xib */; };
/* End PBXBuildFile section */

/* Begin PBXFileReference section */
		1B441610203D6753009214A3 /* GCD_TestTableView.app */ = {isa = PBXFileReference; explicitFileType = wrapper.application; includeInIndex = 0; path = GCD_TestTableView.app; sourceTree = BUILT_PRODUCTS_DIR; };
		1B441613203D6753009214A3 /* AppDelegate.swift */ = {isa = PBXFileReference; lastKnownFileType = sourcecode.swift; path = AppDelegate.swift; sourceTree = "<group>"; };
		1B44161A203D6753009214A3 /* Assets.xcassets */ = {isa = PBXFileReference; lastKnownFileType = folder.assetcatalog; path = Assets.xcassets; sourceTree = "<group>"; };
		1B44161D203D6753009214A3 /* Base */ = {isa = PBXFileReference; lastKnownFileType = file.storyboard; name = Base; path = Base.lproj/LaunchScreen.storyboard; sourceTree = "<group>"; };
		1B44161F203D6753009214A3 /* Info.plist */ = {isa = PBXFileReference; lastKnownFileType = text.plist.xml; path = Info.plist; sourceTree = "<group>"; };
		1B441625203D6781009214A3 /* ImageTableViewController.swift */ = {isa = PBXFileReference; lastKnownFileType = sourcecode.swift; path = ImageTableViewController.swift; sourceTree = "<group>"; };
		1B441626203D6781009214A3 /* ImageTableViewController.xib */ = {isa = PBXFileReference; lastKnownFileType = file.xib; path = ImageTableViewController.xib; sourceTree = "<group>"; };
		1B441629203D6797009214A3 /* ImageTableViewCell.swift */ = {isa = PBXFileReference; lastKnownFileType = sourcecode.swift; path = ImageTableViewCell.swift; sourceTree = "<group>"; };
		1B44162A203D6797009214A3 /* ImageTableViewCell.xib */ = {isa = PBXFileReference; lastKnownFileType = file.xib; path = ImageTableViewCell.xib; sourceTree = "<group>"; };
/* End PBXFileReference section */

/* Begin PBXFrameworksBuildPhase section */
		1B44160D203D6753009214A3 /* Frameworks */ = {
			isa = PBXFrameworksBuildPhase;
			buildActionMask = 2147483647;
			files = (
			);
			runOnlyForDeploymentPostprocessing = 0;
		};
/* End PBXFrameworksBuildPhase section */

/* Begin PBXGroup section */
		1B441607203D6753009214A3 = {
			isa = PBXGroup;
			children = (
				1B441612203D6753009214A3 /* GCD_TestTableView */,
				1B441611203D6753009214A3 /* Products */,
			);
			sourceTree = "<group>";
		};
		1B441611203D6753009214A3 /* Products */ = {
			isa = PBXGroup;
			children = (
				1B441610203D6753009214A3 /* GCD_TestTableView.app */,
			);
			name = Products;
			sourceTree = "<group>";
		};
		1B441612203D6753009214A3 /* GCD_TestTableView */ = {
			isa = PBXGroup;
			children = (
				1B441613203D6753009214A3 /* AppDelegate.swift */,
				1B441625203D6781009214A3 /* ImageTableViewController.swift */,
				1B441626203D6781009214A3 /* ImageTableViewController.xib */,
				1B441629203D6797009214A3 /* ImageTableViewCell.swift */,
				1B44162A203D6797009214A3 /* ImageTableViewCell.xib */,
				1B44161A203D6753009214A3 /* Assets.xcassets */,
				1B44161C203D6753009214A3 /* LaunchScreen.storyboard */,
				1B44161F203D6753009214A3 /* Info.plist */,
			);
			path = GCD_TestTableView;
			sourceTree = "<group>";
		};
/* End PBXGroup section */

/* Begin PBXNativeTarget section */
		1B44160F203D6753009214A3 /* GCD_TestTableView */ = {
			isa = PBXNativeTarget;
			buildConfigurationList = 1B441622203D6753009214A3 /* Build configuration list for PBXNativeTarget "GCD_TestTableView" */;
			buildPhases = (
				1B44160C203D6753009214A3 /* Sources */,
				1B44160D203D6753009214A3 /* Frameworks */,
				1B44160E203D6753009214A3 /* Resources */,
			);
			buildRules = (
			);
			dependencies = (
			);
			name = GCD_TestTableView;
			productName = GCD_TestTableView;
			productReference = 1B441610203D6753009214A3 /* GCD_TestTableView.app */;
			productType = "com.apple.product-type.application";
		};
/* End PBXNativeTarget section */

/* Begin PBXProject section */
		1B441608203D6753009214A3 /* Project object */ = {
			isa = PBXProject;
			attributes = {
				LastSwiftUpdateCheck = 0910;
				LastUpgradeCheck = 0910;
				ORGANIZATIONNAME = "Dzmitry Kopats";
				TargetAttributes = {
					1B44160F203D6753009214A3 = {
						CreatedOnToolsVersion = 9.1;
						ProvisioningStyle = Manual;
					};
				};
			};
			buildConfigurationList = 1B44160B203D6753009214A3 /* Build configuration list for PBXProject "GCD_TestTableView" */;
			compatibilityVersion = "Xcode 8.0";
			developmentRegion = en;
			hasScannedForEncodings = 0;
			knownRegions = (
				en,
				Base,
			);
			mainGroup = 1B441607203D6753009214A3;
			productRefGroup = 1B441611203D6753009214A3 /* Products */;
			projectDirPath = "";
			projectRoot = "";
			targets = (
				1B44160F203D6753009214A3 /* GCD_TestTableView */,
			);
		};
/* End PBXProject section */

/* Begin PBXResourcesBuildPhase section */
		1B44160E203D6753009214A3 /* Resources */ = {
			isa = PBXResourcesBuildPhase;
			buildActionMask = 2147483647;
			files = (
				1B44162C203D6797009214A3 /* ImageTableViewCell.xib in Resources */,
				1B44161E203D6753009214A3 /* LaunchScreen.storyboard in Resources */,
				1B44161B203D6753009214A3 /* Assets.xcassets in Resources */,
				1B441628203D6781009214A3 /* ImageTableViewController.xib in Resources */,
			);
			runOnlyForDeploymentPostprocessing = 0;
		};
/* End PBXResourcesBuildPhase section */

/* Begin PBXSourcesBuildPhase section */
		1B44160C203D6753009214A3 /* Sources */ = {
			isa = PBXSourcesBuildPhase;
			buildActionMask = 2147483647;
			files = (
				1B44162B203D6797009214A3 /* ImageTableViewCell.swift in Sources */,
				1B441627203D6781009214A3 /* ImageTableViewController.swift in Sources */,
				1B441614203D6753009214A3 /* AppDelegate.swift in Sources */,
			);
			runOnlyForDeploymentPostprocessing = 0;
		};
/* End PBXSourcesBuildPhase section */

/* Begin PBXVariantGroup section */
		1B44161C203D6753009214A3 /* LaunchScreen.storyboard */ = {
			isa = PBXVariantGroup;
			children = (
				1B44161D203D6753009214A3 /* Base */,
			);
			name = LaunchScreen.storyboard;
			sourceTree = "<group>";
		};
/* End PBXVariantGroup section */

/* Begin XCBuildConfiguration section */
		1B441620203D6753009214A3 /* Debug */ = {
			isa = XCBuildConfiguration;
			buildSettings = {
				ALWAYS_SEARCH_USER_PATHS = NO;
				CLANG_ANALYZER_NONNULL = YES;
				CLANG_ANALYZER_NUMBER_OBJECT_CONVERSION = YES_AGGRESSIVE;
				CLANG_CXX_LANGUAGE_STANDARD = "gnu++14";
				CLANG_CXX_LIBRARY = "libc++";
				CLANG_ENABLE_MODULES = YES;
				CLANG_ENABLE_OBJC_ARC = YES;
				CLANG_WARN_BLOCK_CAPTURE_AUTORELEASING = YES;
				CLANG_WARN_BOOL_CONVERSION = YES;
				CLANG_WARN_COMMA = YES;
				CLANG_WARN_CONSTANT_CONVERSION = YES;
				CLANG_WARN_DIRECT_OBJC_ISA_USAGE = YES_ERROR;
				CLANG_WARN_DOCUMENTATION_COMMENTS = YES;
				CLANG_WARN_EMPTY_BODY = YES;
				CLANG_WARN_ENUM_CONVERSION = YES;
				CLANG_WARN_INFINITE_RECURSION = YES;
				CLANG_WARN_INT_CONVERSION = YES;
				CLANG_WARN_NON_LITERAL_NULL_CONVERSION = YES;
				CLANG_WARN_OBJC_LITERAL_CONVERSION = YES;
				CLANG_WARN_OBJC_ROOT_CLASS = YES_ERROR;
				CLANG_WARN_RANGE_LOOP_ANALYSIS = YES;
				CLANG_WARN_STRICT_PROTOTYPES = YES;
				CLANG_WARN_SUSPICIOUS_MOVE = YES;
				CLANG_WARN_UNGUARDED_AVAILABILITY = YES_AGGRESSIVE;
				CLANG_WARN_UNREACHABLE_CODE = YES;
				CLANG_WARN__DUPLICATE_METHOD_MATCH = YES;
				CODE_SIGN_IDENTITY = "iPhone Developer";
				COPY_PHASE_STRIP = NO;
				DEBUG_INFORMATION_FORMAT = dwarf;
				ENABLE_STRICT_OBJC_MSGSEND = YES;
				ENABLE_TESTABILITY = YES;
				GCC_C_LANGUAGE_STANDARD = gnu11;
				GCC_DYNAMIC_NO_PIC = NO;
				GCC_NO_COMMON_BLOCKS = YES;
				GCC_OPTIMIZATION_LEVEL = 0;
				GCC_PREPROCESSOR_DEFINITIONS = (
					"DEBUG=1",
					"$(inherited)",
				);
				GCC_WARN_64_TO_32_BIT_CONVERSION = YES;
				GCC_WARN_ABOUT_RETURN_TYPE = YES_ERROR;
				GCC_WARN_UNDECLARED_SELECTOR = YES;
				GCC_WARN_UNINITIALIZED_AUTOS = YES_AGGRESSIVE;
				GCC_WARN_UNUSED_FUNCTION = YES;
				GCC_WARN_UNUSED_VARIABLE = YES;
				IPHONEOS_DEPLOYMENT_TARGET = 11.1;
				MTL_ENABLE_DEBUG_INFO = YES;
				ONLY_ACTIVE_ARCH = YES;
				SDKROOT = iphoneos;
				SWIFT_ACTIVE_COMPILATION_CONDITIONS = DEBUG;
				SWIFT_OPTIMIZATION_LEVEL = "-Onone";
			};
			name = Debug;
		};
		1B441621203D6753009214A3 /* Release */ = {
			isa = XCBuildConfiguration;
			buildSettings = {
				ALWAYS_SEARCH_USER_PATHS = NO;
				CLANG_ANALYZER_NONNULL = YES;
				CLANG_ANALYZER_NUMBER_OBJECT_CONVERSION = YES_AGGRESSIVE;
				CLANG_CXX_LANGUAGE_STANDARD = "gnu++14";
				CLANG_CXX_LIBRARY = "libc++";
				CLANG_ENABLE_MODULES = YES;
				CLANG_ENABLE_OBJC_ARC = YES;
				CLANG_WARN_BLOCK_CAPTURE_AUTORELEASING = YES;
				CLANG_WARN_BOOL_CONVERSION = YES;
				CLANG_WARN_COMMA = YES;
				CLANG_WARN_CONSTANT_CONVERSION = YES;
				CLANG_WARN_DIRECT_OBJC_ISA_USAGE = YES_ERROR;
				CLANG_WARN_DOCUMENTATION_COMMENTS = YES;
				CLANG_WARN_EMPTY_BODY = YES;
				CLANG_WARN_ENUM_CONVERSION = YES;
				CLANG_WARN_INFINITE_RECURSION = YES;
				CLANG_WARN_INT_CONVERSION = YES;
				CLANG_WARN_NON_LITERAL_NULL_CONVERSION = YES;
				CLANG_WARN_OBJC_LITERAL_CONVERSION = YES;
				CLANG_WARN_OBJC_ROOT_CLASS = YES_ERROR;
				CLANG_WARN_RANGE_LOOP_ANALYSIS = YES;
				CLANG_WARN_STRICT_PROTOTYPES = YES;
				CLANG_WARN_SUSPICIOUS_MOVE = YES;
				CLANG_WARN_UNGUARDED_AVAILABILITY = YES_AGGRESSIVE;
				CLANG_WARN_UNREACHABLE_CODE = YES;
				CLANG_WARN__DUPLICATE_METHOD_MATCH = YES;
				CODE_SIGN_IDENTITY = "iPhone Developer";
				COPY_PHASE_STRIP = NO;
				DEBUG_INFORMATION_FORMAT = "dwarf-with-dsym";
				ENABLE_NS_ASSERTIONS = NO;
				ENABLE_STRICT_OBJC_MSGSEND = YES;
				GCC_C_LANGUAGE_STANDARD = gnu11;
				GCC_NO_COMMON_BLOCKS = YES;
				GCC_WARN_64_TO_32_BIT_CONVERSION = YES;
				GCC_WARN_ABOUT_RETURN_TYPE = YES_ERROR;
				GCC_WARN_UNDECLARED_SELECTOR = YES;
				GCC_WARN_UNINITIALIZED_AUTOS = YES_AGGRESSIVE;
				GCC_WARN_UNUSED_FUNCTION = YES;
				GCC_WARN_UNUSED_VARIABLE = YES;
				IPHONEOS_DEPLOYMENT_TARGET = 11.1;
				MTL_ENABLE_DEBUG_INFO = NO;
				SDKROOT = iphoneos;
				SWIFT_OPTIMIZATION_LEVEL = "-Owholemodule";
				VALIDATE_PRODUCT = YES;
			};
			name = Release;
		};
		1B441623203D6753009214A3 /* Debug */ = {
			isa = XCBuildConfiguration;
			buildSettings = {
				ASSETCATALOG_COMPILER_APPICON_NAME = AppIcon;
				CODE_SIGN_STYLE = Manual;
				DEVELOPMENT_TEAM = "";
				INFOPLIST_FILE = GCD_TestTableView/Info.plist;
				LD_RUNPATH_SEARCH_PATHS = "$(inherited) @executable_path/Frameworks";
				PRODUCT_BUNDLE_IDENTIFIER = "com.kopats.dzmitry.GCD-TestTableView";
				PRODUCT_NAME = "$(TARGET_NAME)";
				PROVISIONING_PROFILE_SPECIFIER = "";
				SWIFT_VERSION = 4.0;
				TARGETED_DEVICE_FAMILY = "1,2";
			};
			name = Debug;
		};
		1B441624203D6753009214A3 /* Release */ = {
			isa = XCBuildConfiguration;
			buildSettings = {
				ASSETCATALOG_COMPILER_APPICON_NAME = AppIcon;
				CODE_SIGN_STYLE = Manual;
				DEVELOPMENT_TEAM = "";
				INFOPLIST_FILE = GCD_TestTableView/Info.plist;
				LD_RUNPATH_SEARCH_PATHS = "$(inherited) @executable_path/Frameworks";
				PRODUCT_BUNDLE_IDENTIFIER = "com.kopats.dzmitry.GCD-TestTableView";
				PRODUCT_NAME = "$(TARGET_NAME)";
				PROVISIONING_PROFILE_SPECIFIER = "";
				SWIFT_VERSION = 4.0;
				TARGETED_DEVICE_FAMILY = "1,2";
			};
			name = Release;
		};
/* End XCBuildConfiguration section */

/* Begin XCConfigurationList section */
		1B44160B203D6753009214A3 /* Build configuration list for PBXProject "GCD_TestTableView" */ = {
			isa = XCConfigurationList;
			buildConfigurations = (
				1B441620203D6753009214A3 /* Debug */,
				1B441621203D6753009214A3 /* Release */,
			);
			defaultConfigurationIsVisible = 0;
			defaultConfigurationName = Release;
		};
		1B441622203D6753009214A3 /* Build configuration list for PBXNativeTarget "GCD_TestTableView" */ = {
			isa = XCConfigurationList;
			buildConfigurations = (
				1B441623203D6753009214A3 /* Debug */,
				1B441624203D6753009214A3 /* Release */,
			);
			defaultConfigurationIsVisible = 0;
			defaultConfigurationName = Release;
		};
/* End XCConfigurationList section */
	};
	rootObject = 1B441608203D6753009214A3 /* Project object */;
}
