// !$*UTF8*$!
{
	archiveVersion = 1;
	classes = {
	};
	objectVersion = 48;
	objects = {

/* Begin PBXBuildFile section */
		1B28679A1FE7D24D00862A61 /* VKReader.xcdatamodeld in Sources */ = {isa = PBXBuildFile; fileRef = 1B2867981FE7D24D00862A61 /* VKReader.xcdatamodeld */; };
		1B411EA01FE28D2E00490E7E /* PhotoManager.swift in Sources */ = {isa = PBXBuildFile; fileRef = 1B411E9F1FE28D2E00490E7E /* PhotoManager.swift */; };
		1B411EA21FE28D8900490E7E /* DataSource.swift in Sources */ = {isa = PBXBuildFile; fileRef = 1B411EA11FE28D8900490E7E /* DataSource.swift */; };
		1B411EA41FE28DAF00490E7E /* DataLoader.swift in Sources */ = {isa = PBXBuildFile; fileRef = 1B411EA31FE28DAF00490E7E /* DataLoader.swift */; };
		1B411EA61FE29E2D00490E7E /* PhotoModel.swift in Sources */ = {isa = PBXBuildFile; fileRef = 1B411EA51FE29E2D00490E7E /* PhotoModel.swift */; };
		1B41D14D1FF51B1D002EAE8E /* Reachability.swift in Sources */ = {isa = PBXBuildFile; fileRef = 1B41D14C1FF51B1D002EAE8E /* Reachability.swift */; };
		1B46B1381FC6FA8B00A9E166 /* GroupModel.swift in Sources */ = {isa = PBXBuildFile; fileRef = 1B46B1371FC6FA8B00A9E166 /* GroupModel.swift */; };
		1B46B13A1FC6FAAB00A9E166 /* Model.swift in Sources */ = {isa = PBXBuildFile; fileRef = 1B46B1391FC6FAAB00A9E166 /* Model.swift */; };
		1B46FB231FE425E400C66197 /* ContentModel.swift in Sources */ = {isa = PBXBuildFile; fileRef = 1B46FB221FE425E400C66197 /* ContentModel.swift */; };
		1B485DDA1FC44FE200CBDB08 /* Parser.swift in Sources */ = {isa = PBXBuildFile; fileRef = 1B485DD91FC44FE200CBDB08 /* Parser.swift */; };
		1B4F7D291FC8480A007A60B0 /* URLBuilder.swift in Sources */ = {isa = PBXBuildFile; fileRef = 1B4F7D281FC8480A007A60B0 /* URLBuilder.swift */; };
		1B5D139C1FD5915E00BCABD2 /* UpdateDataSourceProtocol.swift in Sources */ = {isa = PBXBuildFile; fileRef = 1B5D139B1FD5915E00BCABD2 /* UpdateDataSourceProtocol.swift */; };
		1B5FBD6F1FC2DBF4008B2655 /* AppDelegate.swift in Sources */ = {isa = PBXBuildFile; fileRef = 1B5FBD6E1FC2DBF4008B2655 /* AppDelegate.swift */; };
		1B5FBD741FC2DBF4008B2655 /* Main.storyboard in Resources */ = {isa = PBXBuildFile; fileRef = 1B5FBD721FC2DBF4008B2655 /* Main.storyboard */; };
		1B5FBD761FC2DBF4008B2655 /* Assets.xcassets in Resources */ = {isa = PBXBuildFile; fileRef = 1B5FBD751FC2DBF4008B2655 /* Assets.xcassets */; };
		1B5FBD791FC2DBF4008B2655 /* LaunchScreen.storyboard in Resources */ = {isa = PBXBuildFile; fileRef = 1B5FBD771FC2DBF4008B2655 /* LaunchScreen.storyboard */; };
		1B5FBD801FC2EA11008B2655 /* VK_ios_sdk.framework in Frameworks */ = {isa = PBXBuildFile; fileRef = 1B5FBD811FC2EA11008B2655 /* VK_ios_sdk.framework */; };
		1B5FBD8F1FC2F4F7008B2655 /* LoginViewController.swift in Sources */ = {isa = PBXBuildFile; fileRef = 1B5FBD8E1FC2F4F7008B2655 /* LoginViewController.swift */; };
		1B5FBD911FC2F522008B2655 /* FeedViewController.swift in Sources */ = {isa = PBXBuildFile; fileRef = 1B5FBD901FC2F522008B2655 /* FeedViewController.swift */; };
		1B5FBD941FC31A6A008B2655 /* DKTableViewCell.swift in Sources */ = {isa = PBXBuildFile; fileRef = 1B5FBD921FC31A6A008B2655 /* DKTableViewCell.swift */; };
		1B5FBD951FC31A6A008B2655 /* DKTableViewCell.xib in Resources */ = {isa = PBXBuildFile; fileRef = 1B5FBD931FC31A6A008B2655 /* DKTableViewCell.xib */; };
		1B6142F41FEBF5D000B74E07 /* TokenManager.swift in Sources */ = {isa = PBXBuildFile; fileRef = 1B6142F31FEBF5D000B74E07 /* TokenManager.swift */; };
		1B867F9A1FFF8AA10008AA10 /* CoreDataManager.swift in Sources */ = {isa = PBXBuildFile; fileRef = 1B867F991FFF8AA10008AA10 /* CoreDataManager.swift */; };
		FF96495EA690CDBD3DC2611D /* Pods_VKReader.framework in Frameworks */ = {isa = PBXBuildFile; fileRef = 63A89664359084B1C155C552 /* Pods_VKReader.framework */; };
/* End PBXBuildFile section */

/* Begin PBXFileReference section */
		1B2867991FE7D24D00862A61 /* VKReaderDataModel.xcdatamodel */ = {isa = PBXFileReference; lastKnownFileType = wrapper.xcdatamodel; path = VKReaderDataModel.xcdatamodel; sourceTree = "<group>"; };
		1B411E9F1FE28D2E00490E7E /* PhotoManager.swift */ = {isa = PBXFileReference; lastKnownFileType = sourcecode.swift; path = PhotoManager.swift; sourceTree = "<group>"; };
		1B411EA11FE28D8900490E7E /* DataSource.swift */ = {isa = PBXFileReference; lastKnownFileType = sourcecode.swift; path = DataSource.swift; sourceTree = "<group>"; };
		1B411EA31FE28DAF00490E7E /* DataLoader.swift */ = {isa = PBXFileReference; lastKnownFileType = sourcecode.swift; path = DataLoader.swift; sourceTree = "<group>"; };
		1B411EA51FE29E2D00490E7E /* PhotoModel.swift */ = {isa = PBXFileReference; lastKnownFileType = sourcecode.swift; path = PhotoModel.swift; sourceTree = "<group>"; };
		1B41D14C1FF51B1D002EAE8E /* Reachability.swift */ = {isa = PBXFileReference; lastKnownFileType = sourcecode.swift; path = Reachability.swift; sourceTree = "<group>"; };
		1B46B1371FC6FA8B00A9E166 /* GroupModel.swift */ = {isa = PBXFileReference; lastKnownFileType = sourcecode.swift; path = GroupModel.swift; sourceTree = "<group>"; };
		1B46B1391FC6FAAB00A9E166 /* Model.swift */ = {isa = PBXFileReference; lastKnownFileType = sourcecode.swift; path = Model.swift; sourceTree = "<group>"; };
		1B46FB221FE425E400C66197 /* ContentModel.swift */ = {isa = PBXFileReference; lastKnownFileType = sourcecode.swift; path = ContentModel.swift; sourceTree = "<group>"; };
		1B485DD91FC44FE200CBDB08 /* Parser.swift */ = {isa = PBXFileReference; lastKnownFileType = sourcecode.swift; path = Parser.swift; sourceTree = "<group>"; };
		1B4F7D281FC8480A007A60B0 /* URLBuilder.swift */ = {isa = PBXFileReference; lastKnownFileType = sourcecode.swift; path = URLBuilder.swift; sourceTree = "<group>"; };
		1B5D139B1FD5915E00BCABD2 /* UpdateDataSourceProtocol.swift */ = {isa = PBXFileReference; lastKnownFileType = sourcecode.swift; path = UpdateDataSourceProtocol.swift; sourceTree = "<group>"; };
		1B5FBD6B1FC2DBF4008B2655 /* VKReader.app */ = {isa = PBXFileReference; explicitFileType = wrapper.application; includeInIndex = 0; path = VKReader.app; sourceTree = BUILT_PRODUCTS_DIR; };
		1B5FBD6E1FC2DBF4008B2655 /* AppDelegate.swift */ = {isa = PBXFileReference; lastKnownFileType = sourcecode.swift; path = AppDelegate.swift; sourceTree = "<group>"; };
		1B5FBD731FC2DBF4008B2655 /* Base */ = {isa = PBXFileReference; lastKnownFileType = file.storyboard; name = Base; path = Base.lproj/Main.storyboard; sourceTree = "<group>"; };
		1B5FBD751FC2DBF4008B2655 /* Assets.xcassets */ = {isa = PBXFileReference; lastKnownFileType = folder.assetcatalog; path = Assets.xcassets; sourceTree = "<group>"; };
		1B5FBD781FC2DBF4008B2655 /* Base */ = {isa = PBXFileReference; lastKnownFileType = file.storyboard; name = Base; path = Base.lproj/LaunchScreen.storyboard; sourceTree = "<group>"; };
		1B5FBD7A1FC2DBF4008B2655 /* Info.plist */ = {isa = PBXFileReference; lastKnownFileType = text.plist.xml; path = Info.plist; sourceTree = "<group>"; };
		1B5FBD811FC2EA11008B2655 /* VK_ios_sdk.framework */ = {isa = PBXFileReference; explicitFileType = wrapper.framework; path = VK_ios_sdk.framework; sourceTree = BUILT_PRODUCTS_DIR; };
		1B5FBD8E1FC2F4F7008B2655 /* LoginViewController.swift */ = {isa = PBXFileReference; lastKnownFileType = sourcecode.swift; path = LoginViewController.swift; sourceTree = "<group>"; };
		1B5FBD901FC2F522008B2655 /* FeedViewController.swift */ = {isa = PBXFileReference; lastKnownFileType = sourcecode.swift; path = FeedViewController.swift; sourceTree = "<group>"; };
		1B5FBD921FC31A6A008B2655 /* DKTableViewCell.swift */ = {isa = PBXFileReference; lastKnownFileType = sourcecode.swift; path = DKTableViewCell.swift; sourceTree = "<group>"; };
		1B5FBD931FC31A6A008B2655 /* DKTableViewCell.xib */ = {isa = PBXFileReference; lastKnownFileType = file.xib; path = DKTableViewCell.xib; sourceTree = "<group>"; };
		1B6142F31FEBF5D000B74E07 /* TokenManager.swift */ = {isa = PBXFileReference; lastKnownFileType = sourcecode.swift; path = TokenManager.swift; sourceTree = "<group>"; };
		1B867F991FFF8AA10008AA10 /* CoreDataManager.swift */ = {isa = PBXFileReference; lastKnownFileType = sourcecode.swift; path = CoreDataManager.swift; sourceTree = "<group>"; };
		63A89664359084B1C155C552 /* Pods_VKReader.framework */ = {isa = PBXFileReference; explicitFileType = wrapper.framework; includeInIndex = 0; path = Pods_VKReader.framework; sourceTree = BUILT_PRODUCTS_DIR; };
		6D767614689F241F45FF8557 /* Pods-VKReader.debug.xcconfig */ = {isa = PBXFileReference; includeInIndex = 1; lastKnownFileType = text.xcconfig; name = "Pods-VKReader.debug.xcconfig"; path = "Pods/Target Support Files/Pods-VKReader/Pods-VKReader.debug.xcconfig"; sourceTree = "<group>"; };
		CD9B8ED4FC86140F7913E4C9 /* Pods-VKReader.release.xcconfig */ = {isa = PBXFileReference; includeInIndex = 1; lastKnownFileType = text.xcconfig; name = "Pods-VKReader.release.xcconfig"; path = "Pods/Target Support Files/Pods-VKReader/Pods-VKReader.release.xcconfig"; sourceTree = "<group>"; };
/* End PBXFileReference section */

/* Begin PBXFrameworksBuildPhase section */
		1B5FBD681FC2DBF4008B2655 /* Frameworks */ = {
			isa = PBXFrameworksBuildPhase;
			buildActionMask = 2147483647;
			files = (
				1B5FBD801FC2EA11008B2655 /* VK_ios_sdk.framework in Frameworks */,
				FF96495EA690CDBD3DC2611D /* Pods_VKReader.framework in Frameworks */,
			);
			runOnlyForDeploymentPostprocessing = 0;
		};
/* End PBXFrameworksBuildPhase section */

/* Begin PBXGroup section */
		0A68A0761B2B992E7D7C3067 /* Frameworks */ = {
			isa = PBXGroup;
			children = (
				1B5FBD811FC2EA11008B2655 /* VK_ios_sdk.framework */,
				63A89664359084B1C155C552 /* Pods_VKReader.framework */,
			);
			name = Frameworks;
			sourceTree = "<group>";
		};
		1B411EA71FE29E6600490E7E /* Model */ = {
			isa = PBXGroup;
			children = (
				1B46FB221FE425E400C66197 /* ContentModel.swift */,
				1B46B1371FC6FA8B00A9E166 /* GroupModel.swift */,
				1B411EA51FE29E2D00490E7E /* PhotoModel.swift */,
				1B46B1391FC6FAAB00A9E166 /* Model.swift */,
			);
			path = Model;
			sourceTree = "<group>";
		};
		1B411EA81FE29E6E00490E7E /* Controller */ = {
			isa = PBXGroup;
			children = (
				1B5FBD921FC31A6A008B2655 /* DKTableViewCell.swift */,
				1B5FBD931FC31A6A008B2655 /* DKTableViewCell.xib */,
				1B5FBD901FC2F522008B2655 /* FeedViewController.swift */,
				1B5FBD8E1FC2F4F7008B2655 /* LoginViewController.swift */,
			);
			path = Controller;
			sourceTree = "<group>";
		};
		1B411EA91FE29E7C00490E7E /* Data */ = {
			isa = PBXGroup;
			children = (
				1B867F991FFF8AA10008AA10 /* CoreDataManager.swift */,
				1B411EA11FE28D8900490E7E /* DataSource.swift */,
				1B411EA31FE28DAF00490E7E /* DataLoader.swift */,
				1B485DD91FC44FE200CBDB08 /* Parser.swift */,
				1B411E9F1FE28D2E00490E7E /* PhotoManager.swift */,
				1B6142F31FEBF5D000B74E07 /* TokenManager.swift */,
				1B5D139B1FD5915E00BCABD2 /* UpdateDataSourceProtocol.swift */,
				1B4F7D281FC8480A007A60B0 /* URLBuilder.swift */,
				1B2867981FE7D24D00862A61 /* VKReader.xcdatamodeld */,
			);
			path = Data;
			sourceTree = "<group>";
		};
		1B5FBD621FC2DBF4008B2655 = {
			isa = PBXGroup;
			children = (
				1B5FBD6D1FC2DBF4008B2655 /* VKReader */,
				1B5FBD6C1FC2DBF4008B2655 /* Products */,
				A14CF84F66FAEF516018B25E /* Pods */,
				0A68A0761B2B992E7D7C3067 /* Frameworks */,
			);
			sourceTree = "<group>";
		};
		1B5FBD6C1FC2DBF4008B2655 /* Products */ = {
			isa = PBXGroup;
			children = (
				1B5FBD6B1FC2DBF4008B2655 /* VKReader.app */,
			);
			name = Products;
			sourceTree = "<group>";
		};
		1B5FBD6D1FC2DBF4008B2655 /* VKReader */ = {
			isa = PBXGroup;
			children = (
				1B41D14C1FF51B1D002EAE8E /* Reachability.swift */,
				1B5FBD6E1FC2DBF4008B2655 /* AppDelegate.swift */,
				1B411EA71FE29E6600490E7E /* Model */,
				1B411EA91FE29E7C00490E7E /* Data */,
				1B411EA81FE29E6E00490E7E /* Controller */,
				1B5FBD721FC2DBF4008B2655 /* Main.storyboard */,
				1B5FBD751FC2DBF4008B2655 /* Assets.xcassets */,
				1B5FBD771FC2DBF4008B2655 /* LaunchScreen.storyboard */,
				1B5FBD7A1FC2DBF4008B2655 /* Info.plist */,
			);
			path = VKReader;
			sourceTree = "<group>";
		};
		A14CF84F66FAEF516018B25E /* Pods */ = {
			isa = PBXGroup;
			children = (
				6D767614689F241F45FF8557 /* Pods-VKReader.debug.xcconfig */,
				CD9B8ED4FC86140F7913E4C9 /* Pods-VKReader.release.xcconfig */,
			);
			name = Pods;
			sourceTree = "<group>";
		};
/* End PBXGroup section */

/* Begin PBXNativeTarget section */
		1B5FBD6A1FC2DBF4008B2655 /* VKReader */ = {
			isa = PBXNativeTarget;
			buildConfigurationList = 1B5FBD7D1FC2DBF4008B2655 /* Build configuration list for PBXNativeTarget "VKReader" */;
			buildPhases = (
				46357D0699B892D2F2A4C30C /* [CP] Check Pods Manifest.lock */,
				1B5FBD671FC2DBF4008B2655 /* Sources */,
				1B5FBD681FC2DBF4008B2655 /* Frameworks */,
				1B5FBD691FC2DBF4008B2655 /* Resources */,
				7AA132869927433146A6E5A7 /* [CP] Embed Pods Frameworks */,
				B3561D13C47437760A47542F /* [CP] Copy Pods Resources */,
			);
			buildRules = (
			);
			dependencies = (
			);
			name = VKReader;
			productName = VKReader;
			productReference = 1B5FBD6B1FC2DBF4008B2655 /* VKReader.app */;
			productType = "com.apple.product-type.application";
		};
/* End PBXNativeTarget section */

/* Begin PBXProject section */
		1B5FBD631FC2DBF4008B2655 /* Project object */ = {
			isa = PBXProject;
			attributes = {
				LastSwiftUpdateCheck = 0910;
				LastUpgradeCheck = 0910;
				ORGANIZATIONNAME = "Dzmitry Kopats";
				TargetAttributes = {
					1B5FBD6A1FC2DBF4008B2655 = {
						CreatedOnToolsVersion = 9.1;
						ProvisioningStyle = Manual;
					};
				};
			};
			buildConfigurationList = 1B5FBD661FC2DBF4008B2655 /* Build configuration list for PBXProject "VKReader" */;
			compatibilityVersion = "Xcode 8.0";
			developmentRegion = en;
			hasScannedForEncodings = 0;
			knownRegions = (
				en,
				Base,
			);
			mainGroup = 1B5FBD621FC2DBF4008B2655;
			productRefGroup = 1B5FBD6C1FC2DBF4008B2655 /* Products */;
			projectDirPath = "";
			projectRoot = "";
			targets = (
				1B5FBD6A1FC2DBF4008B2655 /* VKReader */,
			);
		};
/* End PBXProject section */

/* Begin PBXResourcesBuildPhase section */
		1B5FBD691FC2DBF4008B2655 /* Resources */ = {
			isa = PBXResourcesBuildPhase;
			buildActionMask = 2147483647;
			files = (
				1B5FBD791FC2DBF4008B2655 /* LaunchScreen.storyboard in Resources */,
				1B5FBD761FC2DBF4008B2655 /* Assets.xcassets in Resources */,
				1B5FBD951FC31A6A008B2655 /* DKTableViewCell.xib in Resources */,
				1B5FBD741FC2DBF4008B2655 /* Main.storyboard in Resources */,
			);
			runOnlyForDeploymentPostprocessing = 0;
		};
/* End PBXResourcesBuildPhase section */

/* Begin PBXShellScriptBuildPhase section */
		46357D0699B892D2F2A4C30C /* [CP] Check Pods Manifest.lock */ = {
			isa = PBXShellScriptBuildPhase;
			buildActionMask = 2147483647;
			files = (
			);
			inputPaths = (
				"${PODS_PODFILE_DIR_PATH}/Podfile.lock",
				"${PODS_ROOT}/Manifest.lock",
			);
			name = "[CP] Check Pods Manifest.lock";
			outputPaths = (
				"$(DERIVED_FILE_DIR)/Pods-VKReader-checkManifestLockResult.txt",
			);
			runOnlyForDeploymentPostprocessing = 0;
			shellPath = /bin/sh;
			shellScript = "diff \"${PODS_PODFILE_DIR_PATH}/Podfile.lock\" \"${PODS_ROOT}/Manifest.lock\" > /dev/null\nif [ $? != 0 ] ; then\n    # print error to STDERR\n    echo \"error: The sandbox is not in sync with the Podfile.lock. Run 'pod install' or update your CocoaPods installation.\" >&2\n    exit 1\nfi\n# This output is used by Xcode 'outputs' to avoid re-running this script phase.\necho \"SUCCESS\" > \"${SCRIPT_OUTPUT_FILE_0}\"\n";
			showEnvVarsInLog = 0;
		};
		7AA132869927433146A6E5A7 /* [CP] Embed Pods Frameworks */ = {
			isa = PBXShellScriptBuildPhase;
			buildActionMask = 2147483647;
			files = (
			);
			inputPaths = (
				"${SRCROOT}/Pods/Target Support Files/Pods-VKReader/Pods-VKReader-frameworks.sh",
				"${BUILT_PRODUCTS_DIR}/VK-ios-sdk/VK_ios_sdk.framework",
			);
			name = "[CP] Embed Pods Frameworks";
			outputPaths = (
				"${TARGET_BUILD_DIR}/${FRAMEWORKS_FOLDER_PATH}/VK_ios_sdk.framework",
			);
			runOnlyForDeploymentPostprocessing = 0;
			shellPath = /bin/sh;
			shellScript = "\"${SRCROOT}/Pods/Target Support Files/Pods-VKReader/Pods-VKReader-frameworks.sh\"\n";
			showEnvVarsInLog = 0;
		};
		B3561D13C47437760A47542F /* [CP] Copy Pods Resources */ = {
			isa = PBXShellScriptBuildPhase;
			buildActionMask = 2147483647;
			files = (
			);
			inputPaths = (
			);
			name = "[CP] Copy Pods Resources";
			outputPaths = (
			);
			runOnlyForDeploymentPostprocessing = 0;
			shellPath = /bin/sh;
			shellScript = "\"${SRCROOT}/Pods/Target Support Files/Pods-VKReader/Pods-VKReader-resources.sh\"\n";
			showEnvVarsInLog = 0;
		};
/* End PBXShellScriptBuildPhase section */

/* Begin PBXSourcesBuildPhase section */
		1B5FBD671FC2DBF4008B2655 /* Sources */ = {
			isa = PBXSourcesBuildPhase;
			buildActionMask = 2147483647;
			files = (
				1B5D139C1FD5915E00BCABD2 /* UpdateDataSourceProtocol.swift in Sources */,
				1B411EA01FE28D2E00490E7E /* PhotoManager.swift in Sources */,
				1B46FB231FE425E400C66197 /* ContentModel.swift in Sources */,
				1B411EA61FE29E2D00490E7E /* PhotoModel.swift in Sources */,
				1B411EA21FE28D8900490E7E /* DataSource.swift in Sources */,
				1B5FBD8F1FC2F4F7008B2655 /* LoginViewController.swift in Sources */,
				1B867F9A1FFF8AA10008AA10 /* CoreDataManager.swift in Sources */,
				1B41D14D1FF51B1D002EAE8E /* Reachability.swift in Sources */,
				1B46B1381FC6FA8B00A9E166 /* GroupModel.swift in Sources */,
				1B4F7D291FC8480A007A60B0 /* URLBuilder.swift in Sources */,
				1B5FBD911FC2F522008B2655 /* FeedViewController.swift in Sources */,
				1B6142F41FEBF5D000B74E07 /* TokenManager.swift in Sources */,
				1B485DDA1FC44FE200CBDB08 /* Parser.swift in Sources */,
				1B46B13A1FC6FAAB00A9E166 /* Model.swift in Sources */,
				1B411EA41FE28DAF00490E7E /* DataLoader.swift in Sources */,
				1B5FBD941FC31A6A008B2655 /* DKTableViewCell.swift in Sources */,
				1B28679A1FE7D24D00862A61 /* VKReader.xcdatamodeld in Sources */,
				1B5FBD6F1FC2DBF4008B2655 /* AppDelegate.swift in Sources */,
			);
			runOnlyForDeploymentPostprocessing = 0;
		};
/* End PBXSourcesBuildPhase section */

/* Begin PBXVariantGroup section */
		1B5FBD721FC2DBF4008B2655 /* Main.storyboard */ = {
			isa = PBXVariantGroup;
			children = (
				1B5FBD731FC2DBF4008B2655 /* Base */,
			);
			name = Main.storyboard;
			sourceTree = "<group>";
		};
		1B5FBD771FC2DBF4008B2655 /* LaunchScreen.storyboard */ = {
			isa = PBXVariantGroup;
			children = (
				1B5FBD781FC2DBF4008B2655 /* Base */,
			);
			name = LaunchScreen.storyboard;
			sourceTree = "<group>";
		};
/* End PBXVariantGroup section */

/* Begin XCBuildConfiguration section */
		1B5FBD7B1FC2DBF4008B2655 /* Debug */ = {
			isa = XCBuildConfiguration;
			buildSettings = {
				ALWAYS_SEARCH_USER_PATHS = NO;
				CLANG_ANALYZER_NONNULL = YES;
				CLANG_ANALYZER_NUMBER_OBJECT_CONVERSION = YES_AGGRESSIVE;
				CLANG_CXX_LANGUAGE_STANDARD = "gnu++14";
				CLANG_CXX_LIBRARY = "libc++";
				CLANG_ENABLE_MODULES = YES;
				CLANG_ENABLE_OBJC_ARC = YES;
				CLANG_WARN_BLOCK_CAPTURE_AUTORELEASING = YES;
				CLANG_WARN_BOOL_CONVERSION = YES;
				CLANG_WARN_COMMA = YES;
				CLANG_WARN_CONSTANT_CONVERSION = YES;
				CLANG_WARN_DIRECT_OBJC_ISA_USAGE = YES_ERROR;
				CLANG_WARN_DOCUMENTATION_COMMENTS = YES;
				CLANG_WARN_EMPTY_BODY = YES;
				CLANG_WARN_ENUM_CONVERSION = YES;
				CLANG_WARN_INFINITE_RECURSION = YES;
				CLANG_WARN_INT_CONVERSION = YES;
				CLANG_WARN_NON_LITERAL_NULL_CONVERSION = YES;
				CLANG_WARN_OBJC_LITERAL_CONVERSION = YES;
				CLANG_WARN_OBJC_ROOT_CLASS = YES_ERROR;
				CLANG_WARN_RANGE_LOOP_ANALYSIS = YES;
				CLANG_WARN_STRICT_PROTOTYPES = YES;
				CLANG_WARN_SUSPICIOUS_MOVE = YES;
				CLANG_WARN_UNGUARDED_AVAILABILITY = YES_AGGRESSIVE;
				CLANG_WARN_UNREACHABLE_CODE = YES;
				CLANG_WARN__DUPLICATE_METHOD_MATCH = YES;
				CODE_SIGN_IDENTITY = "iPhone Developer";
				COPY_PHASE_STRIP = NO;
				DEBUG_INFORMATION_FORMAT = dwarf;
				ENABLE_STRICT_OBJC_MSGSEND = YES;
				ENABLE_TESTABILITY = YES;
				GCC_C_LANGUAGE_STANDARD = gnu11;
				GCC_DYNAMIC_NO_PIC = NO;
				GCC_NO_COMMON_BLOCKS = YES;
				GCC_OPTIMIZATION_LEVEL = 0;
				GCC_PREPROCESSOR_DEFINITIONS = (
					"DEBUG=1",
					"$(inherited)",
				);
				GCC_WARN_64_TO_32_BIT_CONVERSION = YES;
				GCC_WARN_ABOUT_RETURN_TYPE = YES_ERROR;
				GCC_WARN_UNDECLARED_SELECTOR = YES;
				GCC_WARN_UNINITIALIZED_AUTOS = YES_AGGRESSIVE;
				GCC_WARN_UNUSED_FUNCTION = YES;
				GCC_WARN_UNUSED_VARIABLE = YES;
				IPHONEOS_DEPLOYMENT_TARGET = 11.1;
				MTL_ENABLE_DEBUG_INFO = YES;
				ONLY_ACTIVE_ARCH = YES;
				SDKROOT = iphoneos;
				SWIFT_ACTIVE_COMPILATION_CONDITIONS = DEBUG;
				SWIFT_OPTIMIZATION_LEVEL = "-Onone";
			};
			name = Debug;
		};
		1B5FBD7C1FC2DBF4008B2655 /* Release */ = {
			isa = XCBuildConfiguration;
			buildSettings = {
				ALWAYS_SEARCH_USER_PATHS = NO;
				CLANG_ANALYZER_NONNULL = YES;
				CLANG_ANALYZER_NUMBER_OBJECT_CONVERSION = YES_AGGRESSIVE;
				CLANG_CXX_LANGUAGE_STANDARD = "gnu++14";
				CLANG_CXX_LIBRARY = "libc++";
				CLANG_ENABLE_MODULES = YES;
				CLANG_ENABLE_OBJC_ARC = YES;
				CLANG_WARN_BLOCK_CAPTURE_AUTORELEASING = YES;
				CLANG_WARN_BOOL_CONVERSION = YES;
				CLANG_WARN_COMMA = YES;
				CLANG_WARN_CONSTANT_CONVERSION = YES;
				CLANG_WARN_DIRECT_OBJC_ISA_USAGE = YES_ERROR;
				CLANG_WARN_DOCUMENTATION_COMMENTS = YES;
				CLANG_WARN_EMPTY_BODY = YES;
				CLANG_WARN_ENUM_CONVERSION = YES;
				CLANG_WARN_INFINITE_RECURSION = YES;
				CLANG_WARN_INT_CONVERSION = YES;
				CLANG_WARN_NON_LITERAL_NULL_CONVERSION = YES;
				CLANG_WARN_OBJC_LITERAL_CONVERSION = YES;
				CLANG_WARN_OBJC_ROOT_CLASS = YES_ERROR;
				CLANG_WARN_RANGE_LOOP_ANALYSIS = YES;
				CLANG_WARN_STRICT_PROTOTYPES = YES;
				CLANG_WARN_SUSPICIOUS_MOVE = YES;
				CLANG_WARN_UNGUARDED_AVAILABILITY = YES_AGGRESSIVE;
				CLANG_WARN_UNREACHABLE_CODE = YES;
				CLANG_WARN__DUPLICATE_METHOD_MATCH = YES;
				CODE_SIGN_IDENTITY = "iPhone Developer";
				COPY_PHASE_STRIP = NO;
				DEBUG_INFORMATION_FORMAT = "dwarf-with-dsym";
				ENABLE_NS_ASSERTIONS = NO;
				ENABLE_STRICT_OBJC_MSGSEND = YES;
				GCC_C_LANGUAGE_STANDARD = gnu11;
				GCC_NO_COMMON_BLOCKS = YES;
				GCC_WARN_64_TO_32_BIT_CONVERSION = YES;
				GCC_WARN_ABOUT_RETURN_TYPE = YES_ERROR;
				GCC_WARN_UNDECLARED_SELECTOR = YES;
				GCC_WARN_UNINITIALIZED_AUTOS = YES_AGGRESSIVE;
				GCC_WARN_UNUSED_FUNCTION = YES;
				GCC_WARN_UNUSED_VARIABLE = YES;
				IPHONEOS_DEPLOYMENT_TARGET = 11.1;
				MTL_ENABLE_DEBUG_INFO = NO;
				SDKROOT = iphoneos;
				SWIFT_OPTIMIZATION_LEVEL = "-Owholemodule";
				VALIDATE_PRODUCT = YES;
			};
			name = Release;
		};
		1B5FBD7E1FC2DBF4008B2655 /* Debug */ = {
			isa = XCBuildConfiguration;
			baseConfigurationReference = 6D767614689F241F45FF8557 /* Pods-VKReader.debug.xcconfig */;
			buildSettings = {
				ASSETCATALOG_COMPILER_APPICON_NAME = AppIcon;
				CODE_SIGN_STYLE = Manual;
				DEVELOPMENT_TEAM = "";
				INFOPLIST_FILE = VKReader/Info.plist;
				LD_RUNPATH_SEARCH_PATHS = "$(inherited) @executable_path/Frameworks";
				PRODUCT_BUNDLE_IDENTIFIER = com.kopats.dzmitry.VKReader;
				PRODUCT_NAME = "$(TARGET_NAME)";
				PROVISIONING_PROFILE_SPECIFIER = "";
				SWIFT_VERSION = 4.0;
				TARGETED_DEVICE_FAMILY = "1,2";
			};
			name = Debug;
		};
		1B5FBD7F1FC2DBF4008B2655 /* Release */ = {
			isa = XCBuildConfiguration;
			baseConfigurationReference = CD9B8ED4FC86140F7913E4C9 /* Pods-VKReader.release.xcconfig */;
			buildSettings = {
				ASSETCATALOG_COMPILER_APPICON_NAME = AppIcon;
				CODE_SIGN_STYLE = Manual;
				DEVELOPMENT_TEAM = "";
				INFOPLIST_FILE = VKReader/Info.plist;
				LD_RUNPATH_SEARCH_PATHS = "$(inherited) @executable_path/Frameworks";
				PRODUCT_BUNDLE_IDENTIFIER = com.kopats.dzmitry.VKReader;
				PRODUCT_NAME = "$(TARGET_NAME)";
				PROVISIONING_PROFILE_SPECIFIER = "";
				SWIFT_VERSION = 4.0;
				TARGETED_DEVICE_FAMILY = "1,2";
			};
			name = Release;
		};
/* End XCBuildConfiguration section */

/* Begin XCConfigurationList section */
		1B5FBD661FC2DBF4008B2655 /* Build configuration list for PBXProject "VKReader" */ = {
			isa = XCConfigurationList;
			buildConfigurations = (
				1B5FBD7B1FC2DBF4008B2655 /* Debug */,
				1B5FBD7C1FC2DBF4008B2655 /* Release */,
			);
			defaultConfigurationIsVisible = 0;
			defaultConfigurationName = Release;
		};
		1B5FBD7D1FC2DBF4008B2655 /* Build configuration list for PBXNativeTarget "VKReader" */ = {
			isa = XCConfigurationList;
			buildConfigurations = (
				1B5FBD7E1FC2DBF4008B2655 /* Debug */,
				1B5FBD7F1FC2DBF4008B2655 /* Release */,
			);
			defaultConfigurationIsVisible = 0;
			defaultConfigurationName = Release;
		};
/* End XCConfigurationList section */

/* Begin XCVersionGroup section */
		1B2867981FE7D24D00862A61 /* VKReader.xcdatamodeld */ = {
			isa = XCVersionGroup;
			children = (
				1B2867991FE7D24D00862A61 /* VKReaderDataModel.xcdatamodel */,
			);
			currentVersion = 1B2867991FE7D24D00862A61 /* VKReaderDataModel.xcdatamodel */;
			path = VKReader.xcdatamodeld;
			sourceTree = "<group>";
			versionGroupType = wrapper.xcdatamodel;
		};
/* End XCVersionGroup section */
	};
	rootObject = 1B5FBD631FC2DBF4008B2655 /* Project object */;
}
