// !$*UTF8*$!
{
	archiveVersion = 1;
	classes = {
	};
	objectVersion = 50;
	objects = {

/* Begin PBXBuildFile section */
		2AACFF4B231169370013B983 /* AppDelegate.swift in Sources */ = {isa = PBXBuildFile; fileRef = 2AACFF4A231169370013B983 /* AppDelegate.swift */; };
		2AACFF4D231169370013B983 /* ViewController.swift in Sources */ = {isa = PBXBuildFile; fileRef = 2AACFF4C231169370013B983 /* ViewController.swift */; };
		2AACFF50231169370013B983 /* Main.storyboard in Resources */ = {isa = PBXBuildFile; fileRef = 2AACFF4E231169370013B983 /* Main.storyboard */; };
		2AACFF52231169380013B983 /* Assets.xcassets in Resources */ = {isa = PBXBuildFile; fileRef = 2AACFF51231169380013B983 /* Assets.xcassets */; };
		2AACFF55231169380013B983 /* LaunchScreen.storyboard in Resources */ = {isa = PBXBuildFile; fileRef = 2AACFF53231169380013B983 /* LaunchScreen.storyboard */; };
		FDF564B7E67FD55D55D93897 /* Pods_TestProject_RxSwift.framework in Frameworks */ = {isa = PBXBuildFile; fileRef = 87372EEACE36CE6D58A9D302 /* Pods_TestProject_RxSwift.framework */; };
/* End PBXBuildFile section */

/* Begin PBXFileReference section */
		2AACFF47231169370013B983 /* TestProject_RxSwift.app */ = {isa = PBXFileReference; explicitFileType = wrapper.application; includeInIndex = 0; path = TestProject_RxSwift.app; sourceTree = BUILT_PRODUCTS_DIR; };
		2AACFF4A231169370013B983 /* AppDelegate.swift */ = {isa = PBXFileReference; lastKnownFileType = sourcecode.swift; path = AppDelegate.swift; sourceTree = "<group>"; };
		2AACFF4C231169370013B983 /* ViewController.swift */ = {isa = PBXFileReference; lastKnownFileType = sourcecode.swift; path = ViewController.swift; sourceTree = "<group>"; };
		2AACFF4F231169370013B983 /* Base */ = {isa = PBXFileReference; lastKnownFileType = file.storyboard; name = Base; path = Base.lproj/Main.storyboard; sourceTree = "<group>"; };
		2AACFF51231169380013B983 /* Assets.xcassets */ = {isa = PBXFileReference; lastKnownFileType = folder.assetcatalog; path = Assets.xcassets; sourceTree = "<group>"; };
		2AACFF54231169380013B983 /* Base */ = {isa = PBXFileReference; lastKnownFileType = file.storyboard; name = Base; path = Base.lproj/LaunchScreen.storyboard; sourceTree = "<group>"; };
		2AACFF56231169380013B983 /* Info.plist */ = {isa = PBXFileReference; lastKnownFileType = text.plist.xml; path = Info.plist; sourceTree = "<group>"; };
		87372EEACE36CE6D58A9D302 /* Pods_TestProject_RxSwift.framework */ = {isa = PBXFileReference; explicitFileType = wrapper.framework; includeInIndex = 0; path = Pods_TestProject_RxSwift.framework; sourceTree = BUILT_PRODUCTS_DIR; };
		902A289487CA5E615DE42EAB /* Pods-TestProject_RxSwift.release.xcconfig */ = {isa = PBXFileReference; includeInIndex = 1; lastKnownFileType = text.xcconfig; name = "Pods-TestProject_RxSwift.release.xcconfig"; path = "Target Support Files/Pods-TestProject_RxSwift/Pods-TestProject_RxSwift.release.xcconfig"; sourceTree = "<group>"; };
		9EB0BDE10FAADD8752255134 /* Pods-TestProject_RxSwift.debug.xcconfig */ = {isa = PBXFileReference; includeInIndex = 1; lastKnownFileType = text.xcconfig; name = "Pods-TestProject_RxSwift.debug.xcconfig"; path = "Target Support Files/Pods-TestProject_RxSwift/Pods-TestProject_RxSwift.debug.xcconfig"; sourceTree = "<group>"; };
/* End PBXFileReference section */

/* Begin PBXFrameworksBuildPhase section */
		2AACFF44231169370013B983 /* Frameworks */ = {
			isa = PBXFrameworksBuildPhase;
			buildActionMask = 2147483647;
			files = (
				FDF564B7E67FD55D55D93897 /* Pods_TestProject_RxSwift.framework in Frameworks */,
			);
			runOnlyForDeploymentPostprocessing = 0;
		};
/* End PBXFrameworksBuildPhase section */

/* Begin PBXGroup section */
		12051A4AFB969197842CE4E5 /* Pods */ = {
			isa = PBXGroup;
			children = (
				9EB0BDE10FAADD8752255134 /* Pods-TestProject_RxSwift.debug.xcconfig */,
				902A289487CA5E615DE42EAB /* Pods-TestProject_RxSwift.release.xcconfig */,
			);
			name = Pods;
			path = Pods;
			sourceTree = "<group>";
		};
		223B0B2E5804D69E8FA34995 /* Frameworks */ = {
			isa = PBXGroup;
			children = (
				87372EEACE36CE6D58A9D302 /* Pods_TestProject_RxSwift.framework */,
			);
			name = Frameworks;
			sourceTree = "<group>";
		};
		2AACFF3E231169370013B983 = {
			isa = PBXGroup;
			children = (
				2AACFF49231169370013B983 /* TestProject_RxSwift */,
				2AACFF48231169370013B983 /* Products */,
				12051A4AFB969197842CE4E5 /* Pods */,
				223B0B2E5804D69E8FA34995 /* Frameworks */,
			);
			sourceTree = "<group>";
		};
		2AACFF48231169370013B983 /* Products */ = {
			isa = PBXGroup;
			children = (
				2AACFF47231169370013B983 /* TestProject_RxSwift.app */,
			);
			name = Products;
			sourceTree = "<group>";
		};
		2AACFF49231169370013B983 /* TestProject_RxSwift */ = {
			isa = PBXGroup;
			children = (
				2AACFF4A231169370013B983 /* AppDelegate.swift */,
				2AACFF4C231169370013B983 /* ViewController.swift */,
				2AACFF4E231169370013B983 /* Main.storyboard */,
				2AACFF51231169380013B983 /* Assets.xcassets */,
				2AACFF53231169380013B983 /* LaunchScreen.storyboard */,
				2AACFF56231169380013B983 /* Info.plist */,
			);
			path = TestProject_RxSwift;
			sourceTree = "<group>";
		};
/* End PBXGroup section */

/* Begin PBXNativeTarget section */
		2AACFF46231169370013B983 /* TestProject_RxSwift */ = {
			isa = PBXNativeTarget;
			buildConfigurationList = 2AACFF59231169380013B983 /* Build configuration list for PBXNativeTarget "TestProject_RxSwift" */;
			buildPhases = (
				CCA2A825A03796FC739C1AE9 /* [CP] Check Pods Manifest.lock */,
				2AACFF43231169370013B983 /* Sources */,
				2AACFF44231169370013B983 /* Frameworks */,
				2AACFF45231169370013B983 /* Resources */,
				39359E32E41F7B30195E04D2 /* [CP] Embed Pods Frameworks */,
			);
			buildRules = (
			);
			dependencies = (
			);
			name = TestProject_RxSwift;
			productName = TestProject_RxSwift;
			productReference = 2AACFF47231169370013B983 /* TestProject_RxSwift.app */;
			productType = "com.apple.product-type.application";
		};
/* End PBXNativeTarget section */

/* Begin PBXProject section */
		2AACFF3F231169370013B983 /* Project object */ = {
			isa = PBXProject;
			attributes = {
				LastSwiftUpdateCheck = 1020;
				LastUpgradeCheck = 1020;
				ORGANIZATIONNAME = "Dzmitry Kopats";
				TargetAttributes = {
					2AACFF46231169370013B983 = {
						CreatedOnToolsVersion = 10.2;
					};
				};
			};
			buildConfigurationList = 2AACFF42231169370013B983 /* Build configuration list for PBXProject "TestProject_RxSwift" */;
			compatibilityVersion = "Xcode 9.3";
			developmentRegion = en;
			hasScannedForEncodings = 0;
			knownRegions = (
				en,
				Base,
			);
			mainGroup = 2AACFF3E231169370013B983;
			productRefGroup = 2AACFF48231169370013B983 /* Products */;
			projectDirPath = "";
			projectRoot = "";
			targets = (
				2AACFF46231169370013B983 /* TestProject_RxSwift */,
			);
		};
/* End PBXProject section */

/* Begin PBXResourcesBuildPhase section */
		2AACFF45231169370013B983 /* Resources */ = {
			isa = PBXResourcesBuildPhase;
			buildActionMask = 2147483647;
			files = (
				2AACFF55231169380013B983 /* LaunchScreen.storyboard in Resources */,
				2AACFF52231169380013B983 /* Assets.xcassets in Resources */,
				2AACFF50231169370013B983 /* Main.storyboard in Resources */,
			);
			runOnlyForDeploymentPostprocessing = 0;
		};
/* End PBXResourcesBuildPhase section */

/* Begin PBXShellScriptBuildPhase section */
		39359E32E41F7B30195E04D2 /* [CP] Embed Pods Frameworks */ = {
			isa = PBXShellScriptBuildPhase;
			buildActionMask = 2147483647;
			files = (
			);
			inputFileListPaths = (
				"${PODS_ROOT}/Target Support Files/Pods-TestProject_RxSwift/Pods-TestProject_RxSwift-frameworks-${CONFIGURATION}-input-files.xcfilelist",
			);
			name = "[CP] Embed Pods Frameworks";
			outputFileListPaths = (
				"${PODS_ROOT}/Target Support Files/Pods-TestProject_RxSwift/Pods-TestProject_RxSwift-frameworks-${CONFIGURATION}-output-files.xcfilelist",
			);
			runOnlyForDeploymentPostprocessing = 0;
			shellPath = /bin/sh;
			shellScript = "\"${PODS_ROOT}/Target Support Files/Pods-TestProject_RxSwift/Pods-TestProject_RxSwift-frameworks.sh\"\n";
			showEnvVarsInLog = 0;
		};
		CCA2A825A03796FC739C1AE9 /* [CP] Check Pods Manifest.lock */ = {
			isa = PBXShellScriptBuildPhase;
			buildActionMask = 2147483647;
			files = (
			);
			inputFileListPaths = (
			);
			inputPaths = (
				"${PODS_PODFILE_DIR_PATH}/Podfile.lock",
				"${PODS_ROOT}/Manifest.lock",
			);
			name = "[CP] Check Pods Manifest.lock";
			outputFileListPaths = (
			);
			outputPaths = (
				"$(DERIVED_FILE_DIR)/Pods-TestProject_RxSwift-checkManifestLockResult.txt",
			);
			runOnlyForDeploymentPostprocessing = 0;
			shellPath = /bin/sh;
			shellScript = "diff \"${PODS_PODFILE_DIR_PATH}/Podfile.lock\" \"${PODS_ROOT}/Manifest.lock\" > /dev/null\nif [ $? != 0 ] ; then\n    # print error to STDERR\n    echo \"error: The sandbox is not in sync with the Podfile.lock. Run 'pod install' or update your CocoaPods installation.\" >&2\n    exit 1\nfi\n# This output is used by Xcode 'outputs' to avoid re-running this script phase.\necho \"SUCCESS\" > \"${SCRIPT_OUTPUT_FILE_0}\"\n";
			showEnvVarsInLog = 0;
		};
/* End PBXShellScriptBuildPhase section */

/* Begin PBXSourcesBuildPhase section */
		2AACFF43231169370013B983 /* Sources */ = {
			isa = PBXSourcesBuildPhase;
			buildActionMask = 2147483647;
			files = (
				2AACFF4D231169370013B983 /* ViewController.swift in Sources */,
				2AACFF4B231169370013B983 /* AppDelegate.swift in Sources */,
			);
			runOnlyForDeploymentPostprocessing = 0;
		};
/* End PBXSourcesBuildPhase section */

/* Begin PBXVariantGroup section */
		2AACFF4E231169370013B983 /* Main.storyboard */ = {
			isa = PBXVariantGroup;
			children = (
				2AACFF4F231169370013B983 /* Base */,
			);
			name = Main.storyboard;
			sourceTree = "<group>";
		};
		2AACFF53231169380013B983 /* LaunchScreen.storyboard */ = {
			isa = PBXVariantGroup;
			children = (
				2AACFF54231169380013B983 /* Base */,
			);
			name = LaunchScreen.storyboard;
			sourceTree = "<group>";
		};
/* End PBXVariantGroup section */

/* Begin XCBuildConfiguration section */
		2AACFF57231169380013B983 /* Debug */ = {
			isa = XCBuildConfiguration;
			buildSettings = {
				ALWAYS_SEARCH_USER_PATHS = NO;
				CLANG_ANALYZER_NONNULL = YES;
				CLANG_ANALYZER_NUMBER_OBJECT_CONVERSION = YES_AGGRESSIVE;
				CLANG_CXX_LANGUAGE_STANDARD = "gnu++14";
				CLANG_CXX_LIBRARY = "libc++";
				CLANG_ENABLE_MODULES = YES;
				CLANG_ENABLE_OBJC_ARC = YES;
				CLANG_ENABLE_OBJC_WEAK = YES;
				CLANG_WARN_BLOCK_CAPTURE_AUTORELEASING = YES;
				CLANG_WARN_BOOL_CONVERSION = YES;
				CLANG_WARN_COMMA = YES;
				CLANG_WARN_CONSTANT_CONVERSION = YES;
				CLANG_WARN_DEPRECATED_OBJC_IMPLEMENTATIONS = YES;
				CLANG_WARN_DIRECT_OBJC_ISA_USAGE = YES_ERROR;
				CLANG_WARN_DOCUMENTATION_COMMENTS = YES;
				CLANG_WARN_EMPTY_BODY = YES;
				CLANG_WARN_ENUM_CONVERSION = YES;
				CLANG_WARN_INFINITE_RECURSION = YES;
				CLANG_WARN_INT_CONVERSION = YES;
				CLANG_WARN_NON_LITERAL_NULL_CONVERSION = YES;
				CLANG_WARN_OBJC_IMPLICIT_RETAIN_SELF = YES;
				CLANG_WARN_OBJC_LITERAL_CONVERSION = YES;
				CLANG_WARN_OBJC_ROOT_CLASS = YES_ERROR;
				CLANG_WARN_RANGE_LOOP_ANALYSIS = YES;
				CLANG_WARN_STRICT_PROTOTYPES = YES;
				CLANG_WARN_SUSPICIOUS_MOVE = YES;
				CLANG_WARN_UNGUARDED_AVAILABILITY = YES_AGGRESSIVE;
				CLANG_WARN_UNREACHABLE_CODE = YES;
				CLANG_WARN__DUPLICATE_METHOD_MATCH = YES;
				CODE_SIGN_IDENTITY = "iPhone Developer";
				COPY_PHASE_STRIP = NO;
				DEBUG_INFORMATION_FORMAT = dwarf;
				ENABLE_STRICT_OBJC_MSGSEND = YES;
				ENABLE_TESTABILITY = YES;
				GCC_C_LANGUAGE_STANDARD = gnu11;
				GCC_DYNAMIC_NO_PIC = NO;
				GCC_NO_COMMON_BLOCKS = YES;
				GCC_OPTIMIZATION_LEVEL = 0;
				GCC_PREPROCESSOR_DEFINITIONS = (
					"DEBUG=1",
					"$(inherited)",
				);
				GCC_WARN_64_TO_32_BIT_CONVERSION = YES;
				GCC_WARN_ABOUT_RETURN_TYPE = YES_ERROR;
				GCC_WARN_UNDECLARED_SELECTOR = YES;
				GCC_WARN_UNINITIALIZED_AUTOS = YES_AGGRESSIVE;
				GCC_WARN_UNUSED_FUNCTION = YES;
				GCC_WARN_UNUSED_VARIABLE = YES;
				IPHONEOS_DEPLOYMENT_TARGET = 12.2;
				MTL_ENABLE_DEBUG_INFO = INCLUDE_SOURCE;
				MTL_FAST_MATH = YES;
				ONLY_ACTIVE_ARCH = YES;
				SDKROOT = iphoneos;
				SWIFT_ACTIVE_COMPILATION_CONDITIONS = DEBUG;
				SWIFT_OPTIMIZATION_LEVEL = "-Onone";
			};
			name = Debug;
		};
		2AACFF58231169380013B983 /* Release */ = {
			isa = XCBuildConfiguration;
			buildSettings = {
				ALWAYS_SEARCH_USER_PATHS = NO;
				CLANG_ANALYZER_NONNULL = YES;
				CLANG_ANALYZER_NUMBER_OBJECT_CONVERSION = YES_AGGRESSIVE;
				CLANG_CXX_LANGUAGE_STANDARD = "gnu++14";
				CLANG_CXX_LIBRARY = "libc++";
				CLANG_ENABLE_MODULES = YES;
				CLANG_ENABLE_OBJC_ARC = YES;
				CLANG_ENABLE_OBJC_WEAK = YES;
				CLANG_WARN_BLOCK_CAPTURE_AUTORELEASING = YES;
				CLANG_WARN_BOOL_CONVERSION = YES;
				CLANG_WARN_COMMA = YES;
				CLANG_WARN_CONSTANT_CONVERSION = YES;
				CLANG_WARN_DEPRECATED_OBJC_IMPLEMENTATIONS = YES;
				CLANG_WARN_DIRECT_OBJC_ISA_USAGE = YES_ERROR;
				CLANG_WARN_DOCUMENTATION_COMMENTS = YES;
				CLANG_WARN_EMPTY_BODY = YES;
				CLANG_WARN_ENUM_CONVERSION = YES;
				CLANG_WARN_INFINITE_RECURSION = YES;
				CLANG_WARN_INT_CONVERSION = YES;
				CLANG_WARN_NON_LITERAL_NULL_CONVERSION = YES;
				CLANG_WARN_OBJC_IMPLICIT_RETAIN_SELF = YES;
				CLANG_WARN_OBJC_LITERAL_CONVERSION = YES;
				CLANG_WARN_OBJC_ROOT_CLASS = YES_ERROR;
				CLANG_WARN_RANGE_LOOP_ANALYSIS = YES;
				CLANG_WARN_STRICT_PROTOTYPES = YES;
				CLANG_WARN_SUSPICIOUS_MOVE = YES;
				CLANG_WARN_UNGUARDED_AVAILABILITY = YES_AGGRESSIVE;
				CLANG_WARN_UNREACHABLE_CODE = YES;
				CLANG_WARN__DUPLICATE_METHOD_MATCH = YES;
				CODE_SIGN_IDENTITY = "iPhone Developer";
				COPY_PHASE_STRIP = NO;
				DEBUG_INFORMATION_FORMAT = "dwarf-with-dsym";
				ENABLE_NS_ASSERTIONS = NO;
				ENABLE_STRICT_OBJC_MSGSEND = YES;
				GCC_C_LANGUAGE_STANDARD = gnu11;
				GCC_NO_COMMON_BLOCKS = YES;
				GCC_WARN_64_TO_32_BIT_CONVERSION = YES;
				GCC_WARN_ABOUT_RETURN_TYPE = YES_ERROR;
				GCC_WARN_UNDECLARED_SELECTOR = YES;
				GCC_WARN_UNINITIALIZED_AUTOS = YES_AGGRESSIVE;
				GCC_WARN_UNUSED_FUNCTION = YES;
				GCC_WARN_UNUSED_VARIABLE = YES;
				IPHONEOS_DEPLOYMENT_TARGET = 12.2;
				MTL_ENABLE_DEBUG_INFO = NO;
				MTL_FAST_MATH = YES;
				SDKROOT = iphoneos;
				SWIFT_COMPILATION_MODE = wholemodule;
				SWIFT_OPTIMIZATION_LEVEL = "-O";
				VALIDATE_PRODUCT = YES;
			};
			name = Release;
		};
		2AACFF5A231169380013B983 /* Debug */ = {
			isa = XCBuildConfiguration;
			baseConfigurationReference = 9EB0BDE10FAADD8752255134 /* Pods-TestProject_RxSwift.debug.xcconfig */;
			buildSettings = {
				ASSETCATALOG_COMPILER_APPICON_NAME = AppIcon;
				CODE_SIGN_STYLE = Automatic;
				INFOPLIST_FILE = TestProject_RxSwift/Info.plist;
				LD_RUNPATH_SEARCH_PATHS = (
					"$(inherited)",
					"@executable_path/Frameworks",
				);
				PRODUCT_BUNDLE_IDENTIFIER = "com.dzmitry.TestProject-RxSwift";
				PRODUCT_NAME = "$(TARGET_NAME)";
				SWIFT_VERSION = 5.0;
				TARGETED_DEVICE_FAMILY = "1,2";
			};
			name = Debug;
		};
		2AACFF5B231169380013B983 /* Release */ = {
			isa = XCBuildConfiguration;
			baseConfigurationReference = 902A289487CA5E615DE42EAB /* Pods-TestProject_RxSwift.release.xcconfig */;
			buildSettings = {
				ASSETCATALOG_COMPILER_APPICON_NAME = AppIcon;
				CODE_SIGN_STYLE = Automatic;
				INFOPLIST_FILE = TestProject_RxSwift/Info.plist;
				LD_RUNPATH_SEARCH_PATHS = (
					"$(inherited)",
					"@executable_path/Frameworks",
				);
				PRODUCT_BUNDLE_IDENTIFIER = "com.dzmitry.TestProject-RxSwift";
				PRODUCT_NAME = "$(TARGET_NAME)";
				SWIFT_VERSION = 5.0;
				TARGETED_DEVICE_FAMILY = "1,2";
			};
			name = Release;
		};
/* End XCBuildConfiguration section */

/* Begin XCConfigurationList section */
		2AACFF42231169370013B983 /* Build configuration list for PBXProject "TestProject_RxSwift" */ = {
			isa = XCConfigurationList;
			buildConfigurations = (
				2AACFF57231169380013B983 /* Debug */,
				2AACFF58231169380013B983 /* Release */,
			);
			defaultConfigurationIsVisible = 0;
			defaultConfigurationName = Release;
		};
		2AACFF59231169380013B983 /* Build configuration list for PBXNativeTarget "TestProject_RxSwift" */ = {
			isa = XCConfigurationList;
			buildConfigurations = (
				2AACFF5A231169380013B983 /* Debug */,
				2AACFF5B231169380013B983 /* Release */,
			);
			defaultConfigurationIsVisible = 0;
			defaultConfigurationName = Release;
		};
/* End XCConfigurationList section */
	};
	rootObject = 2AACFF3F231169370013B983 /* Project object */;
}
