// !$*UTF8*$!
{
	archiveVersion = 1;
	classes = {
	};
	objectVersion = 46;
	objects = {

/* Begin PBXBuildFile section */
		857D41D91FA078B400C1D563 /* AppDelegate.swift in Sources */ = {isa = PBXBuildFile; fileRef = 857D41D81FA078B400C1D563 /* AppDelegate.swift */; };
		857D41DB1FA078B400C1D563 /* ViewController.swift in Sources */ = {isa = PBXBuildFile; fileRef = 857D41DA1FA078B400C1D563 /* ViewController.swift */; };
		857D41DE1FA078B400C1D563 /* Main.storyboard in Resources */ = {isa = PBXBuildFile; fileRef = 857D41DC1FA078B400C1D563 /* Main.storyboard */; };
		857D41E01FA078B500C1D563 /* Assets.xcassets in Resources */ = {isa = PBXBuildFile; fileRef = 857D41DF1FA078B500C1D563 /* Assets.xcassets */; };
		857D41E31FA078B500C1D563 /* LaunchScreen.storyboard in Resources */ = {isa = PBXBuildFile; fileRef = 857D41E11FA078B500C1D563 /* LaunchScreen.storyboard */; };
/* End PBXBuildFile section */

/* Begin PBXFileReference section */
		857D41D51FA078B400C1D563 /* AutolayoutTest_RAY.app */ = {isa = PBXFileReference; explicitFileType = wrapper.application; includeInIndex = 0; path = AutolayoutTest_RAY.app; sourceTree = BUILT_PRODUCTS_DIR; };
		857D41D81FA078B400C1D563 /* AppDelegate.swift */ = {isa = PBXFileReference; lastKnownFileType = sourcecode.swift; path = AppDelegate.swift; sourceTree = "<group>"; };
		857D41DA1FA078B400C1D563 /* ViewController.swift */ = {isa = PBXFileReference; lastKnownFileType = sourcecode.swift; path = ViewController.swift; sourceTree = "<group>"; };
		857D41DD1FA078B400C1D563 /* Base */ = {isa = PBXFileReference; lastKnownFileType = file.storyboard; name = Base; path = Base.lproj/Main.storyboard; sourceTree = "<group>"; };
		857D41DF1FA078B500C1D563 /* Assets.xcassets */ = {isa = PBXFileReference; lastKnownFileType = folder.assetcatalog; path = Assets.xcassets; sourceTree = "<group>"; };
		857D41E21FA078B500C1D563 /* Base */ = {isa = PBXFileReference; lastKnownFileType = file.storyboard; name = Base; path = Base.lproj/LaunchScreen.storyboard; sourceTree = "<group>"; };
		857D41E41FA078B500C1D563 /* Info.plist */ = {isa = PBXFileReference; lastKnownFileType = text.plist.xml; path = Info.plist; sourceTree = "<group>"; };
/* End PBXFileReference section */

/* Begin PBXFrameworksBuildPhase section */
		857D41D21FA078B400C1D563 /* Frameworks */ = {
			isa = PBXFrameworksBuildPhase;
			buildActionMask = 2147483647;
			files = (
			);
			runOnlyForDeploymentPostprocessing = 0;
		};
/* End PBXFrameworksBuildPhase section */

/* Begin PBXGroup section */
		857D41CC1FA078B300C1D563 = {
			isa = PBXGroup;
			children = (
				857D41D71FA078B400C1D563 /* AutolayoutTest_RAY */,
				857D41D61FA078B400C1D563 /* Products */,
			);
			sourceTree = "<group>";
		};
		857D41D61FA078B400C1D563 /* Products */ = {
			isa = PBXGroup;
			children = (
				857D41D51FA078B400C1D563 /* AutolayoutTest_RAY.app */,
			);
			name = Products;
			sourceTree = "<group>";
		};
		857D41D71FA078B400C1D563 /* AutolayoutTest_RAY */ = {
			isa = PBXGroup;
			children = (
				857D41D81FA078B400C1D563 /* AppDelegate.swift */,
				857D41DA1FA078B400C1D563 /* ViewController.swift */,
				857D41DC1FA078B400C1D563 /* Main.storyboard */,
				857D41DF1FA078B500C1D563 /* Assets.xcassets */,
				857D41E11FA078B500C1D563 /* LaunchScreen.storyboard */,
				857D41E41FA078B500C1D563 /* Info.plist */,
			);
			path = AutolayoutTest_RAY;
			sourceTree = "<group>";
		};
/* End PBXGroup section */

/* Begin PBXNativeTarget section */
		857D41D41FA078B400C1D563 /* AutolayoutTest_RAY */ = {
			isa = PBXNativeTarget;
			buildConfigurationList = 857D41E71FA078B500C1D563 /* Build configuration list for PBXNativeTarget "AutolayoutTest_RAY" */;
			buildPhases = (
				857D41D11FA078B400C1D563 /* Sources */,
				857D41D21FA078B400C1D563 /* Frameworks */,
				857D41D31FA078B400C1D563 /* Resources */,
			);
			buildRules = (
			);
			dependencies = (
			);
			name = AutolayoutTest_RAY;
			productName = AutolayoutTest_RAY;
			productReference = 857D41D51FA078B400C1D563 /* AutolayoutTest_RAY.app */;
			productType = "com.apple.product-type.application";
		};
/* End PBXNativeTarget section */

/* Begin PBXProject section */
		857D41CD1FA078B300C1D563 /* Project object */ = {
			isa = PBXProject;
			attributes = {
				LastSwiftUpdateCheck = 0830;
				LastUpgradeCheck = 0830;
				ORGANIZATIONNAME = "Dzmitry Kopats";
				TargetAttributes = {
					857D41D41FA078B400C1D563 = {
						CreatedOnToolsVersion = 8.3.2;
						ProvisioningStyle = Automatic;
					};
				};
			};
			buildConfigurationList = 857D41D01FA078B300C1D563 /* Build configuration list for PBXProject "AutolayoutTest_RAY" */;
			compatibilityVersion = "Xcode 3.2";
			developmentRegion = English;
			hasScannedForEncodings = 0;
			knownRegions = (
				en,
				Base,
			);
			mainGroup = 857D41CC1FA078B300C1D563;
			productRefGroup = 857D41D61FA078B400C1D563 /* Products */;
			projectDirPath = "";
			projectRoot = "";
			targets = (
				857D41D41FA078B400C1D563 /* AutolayoutTest_RAY */,
			);
		};
/* End PBXProject section */

/* Begin PBXResourcesBuildPhase section */
		857D41D31FA078B400C1D563 /* Resources */ = {
			isa = PBXResourcesBuildPhase;
			buildActionMask = 2147483647;
			files = (
				857D41E31FA078B500C1D563 /* LaunchScreen.storyboard in Resources */,
				857D41E01FA078B500C1D563 /* Assets.xcassets in Resources */,
				857D41DE1FA078B400C1D563 /* Main.storyboard in Resources */,
			);
			runOnlyForDeploymentPostprocessing = 0;
		};
/* End PBXResourcesBuildPhase section */

/* Begin PBXSourcesBuildPhase section */
		857D41D11FA078B400C1D563 /* Sources */ = {
			isa = PBXSourcesBuildPhase;
			buildActionMask = 2147483647;
			files = (
				857D41DB1FA078B400C1D563 /* ViewController.swift in Sources */,
				857D41D91FA078B400C1D563 /* AppDelegate.swift in Sources */,
			);
			runOnlyForDeploymentPostprocessing = 0;
		};
/* End PBXSourcesBuildPhase section */

/* Begin PBXVariantGroup section */
		857D41DC1FA078B400C1D563 /* Main.storyboard */ = {
			isa = PBXVariantGroup;
			children = (
				857D41DD1FA078B400C1D563 /* Base */,
			);
			name = Main.storyboard;
			sourceTree = "<group>";
		};
		857D41E11FA078B500C1D563 /* LaunchScreen.storyboard */ = {
			isa = PBXVariantGroup;
			children = (
				857D41E21FA078B500C1D563 /* Base */,
			);
			name = LaunchScreen.storyboard;
			sourceTree = "<group>";
		};
/* End PBXVariantGroup section */

/* Begin XCBuildConfiguration section */
		857D41E51FA078B500C1D563 /* Debug */ = {
			isa = XCBuildConfiguration;
			buildSettings = {
				ALWAYS_SEARCH_USER_PATHS = NO;
				CLANG_ANALYZER_NONNULL = YES;
				CLANG_ANALYZER_NUMBER_OBJECT_CONVERSION = YES_AGGRESSIVE;
				CLANG_CXX_LANGUAGE_STANDARD = "gnu++0x";
				CLANG_CXX_LIBRARY = "libc++";
				CLANG_ENABLE_MODULES = YES;
				CLANG_ENABLE_OBJC_ARC = YES;
				CLANG_WARN_BOOL_CONVERSION = YES;
				CLANG_WARN_CONSTANT_CONVERSION = YES;
				CLANG_WARN_DIRECT_OBJC_ISA_USAGE = YES_ERROR;
				CLANG_WARN_DOCUMENTATION_COMMENTS = YES;
				CLANG_WARN_EMPTY_BODY = YES;
				CLANG_WARN_ENUM_CONVERSION = YES;
				CLANG_WARN_INFINITE_RECURSION = YES;
				CLANG_WARN_INT_CONVERSION = YES;
				CLANG_WARN_OBJC_ROOT_CLASS = YES_ERROR;
				CLANG_WARN_SUSPICIOUS_MOVE = YES;
				CLANG_WARN_UNREACHABLE_CODE = YES;
				CLANG_WARN__DUPLICATE_METHOD_MATCH = YES;
				"CODE_SIGN_IDENTITY[sdk=iphoneos*]" = "iPhone Developer";
				COPY_PHASE_STRIP = NO;
				DEBUG_INFORMATION_FORMAT = dwarf;
				ENABLE_STRICT_OBJC_MSGSEND = YES;
				ENABLE_TESTABILITY = YES;
				GCC_C_LANGUAGE_STANDARD = gnu99;
				GCC_DYNAMIC_NO_PIC = NO;
				GCC_NO_COMMON_BLOCKS = YES;
				GCC_OPTIMIZATION_LEVEL = 0;
				GCC_PREPROCESSOR_DEFINITIONS = (
					"DEBUG=1",
					"$(inherited)",
				);
				GCC_WARN_64_TO_32_BIT_CONVERSION = YES;
				GCC_WARN_ABOUT_RETURN_TYPE = YES_ERROR;
				GCC_WARN_UNDECLARED_SELECTOR = YES;
				GCC_WARN_UNINITIALIZED_AUTOS = YES_AGGRESSIVE;
				GCC_WARN_UNUSED_FUNCTION = YES;
				GCC_WARN_UNUSED_VARIABLE = YES;
				IPHONEOS_DEPLOYMENT_TARGET = 10.3;
				MTL_ENABLE_DEBUG_INFO = YES;
				ONLY_ACTIVE_ARCH = YES;
				SDKROOT = iphoneos;
				SWIFT_ACTIVE_COMPILATION_CONDITIONS = DEBUG;
				SWIFT_OPTIMIZATION_LEVEL = "-Onone";
				TARGETED_DEVICE_FAMILY = "1,2";
			};
			name = Debug;
		};
		857D41E61FA078B500C1D563 /* Release */ = {
			isa = XCBuildConfiguration;
			buildSettings = {
				ALWAYS_SEARCH_USER_PATHS = NO;
				CLANG_ANALYZER_NONNULL = YES;
				CLANG_ANALYZER_NUMBER_OBJECT_CONVERSION = YES_AGGRESSIVE;
				CLANG_CXX_LANGUAGE_STANDARD = "gnu++0x";
				CLANG_CXX_LIBRARY = "libc++";
				CLANG_ENABLE_MODULES = YES;
				CLANG_ENABLE_OBJC_ARC = YES;
				CLANG_WARN_BOOL_CONVERSION = YES;
				CLANG_WARN_CONSTANT_CONVERSION = YES;
				CLANG_WARN_DIRECT_OBJC_ISA_USAGE = YES_ERROR;
				CLANG_WARN_DOCUMENTATION_COMMENTS = YES;
				CLANG_WARN_EMPTY_BODY = YES;
				CLANG_WARN_ENUM_CONVERSION = YES;
				CLANG_WARN_INFINITE_RECURSION = YES;
				CLANG_WARN_INT_CONVERSION = YES;
				CLANG_WARN_OBJC_ROOT_CLASS = YES_ERROR;
				CLANG_WARN_SUSPICIOUS_MOVE = YES;
				CLANG_WARN_UNREACHABLE_CODE = YES;
				CLANG_WARN__DUPLICATE_METHOD_MATCH = YES;
				"CODE_SIGN_IDENTITY[sdk=iphoneos*]" = "iPhone Developer";
				COPY_PHASE_STRIP = NO;
				DEBUG_INFORMATION_FORMAT = "dwarf-with-dsym";
				ENABLE_NS_ASSERTIONS = NO;
				ENABLE_STRICT_OBJC_MSGSEND = YES;
				GCC_C_LANGUAGE_STANDARD = gnu99;
				GCC_NO_COMMON_BLOCKS = YES;
				GCC_WARN_64_TO_32_BIT_CONVERSION = YES;
				GCC_WARN_ABOUT_RETURN_TYPE = YES_ERROR;
				GCC_WARN_UNDECLARED_SELECTOR = YES;
				GCC_WARN_UNINITIALIZED_AUTOS = YES_AGGRESSIVE;
				GCC_WARN_UNUSED_FUNCTION = YES;
				GCC_WARN_UNUSED_VARIABLE = YES;
				IPHONEOS_DEPLOYMENT_TARGET = 10.3;
				MTL_ENABLE_DEBUG_INFO = NO;
				SDKROOT = iphoneos;
				SWIFT_OPTIMIZATION_LEVEL = "-Owholemodule";
				TARGETED_DEVICE_FAMILY = "1,2";
				VALIDATE_PRODUCT = YES;
			};
			name = Release;
		};
		857D41E81FA078B500C1D563 /* Debug */ = {
			isa = XCBuildConfiguration;
			buildSettings = {
				ASSETCATALOG_COMPILER_APPICON_NAME = AppIcon;
				INFOPLIST_FILE = AutolayoutTest_RAY/Info.plist;
				LD_RUNPATH_SEARCH_PATHS = "$(inherited) @executable_path/Frameworks";
				PRODUCT_BUNDLE_IDENTIFIER = "com.kopat.dmitry.AutolayoutTest-RAY";
				PRODUCT_NAME = "$(TARGET_NAME)";
				SWIFT_VERSION = 3.0;
			};
			name = Debug;
		};
		857D41E91FA078B500C1D563 /* Release */ = {
			isa = XCBuildConfiguration;
			buildSettings = {
				ASSETCATALOG_COMPILER_APPICON_NAME = AppIcon;
				INFOPLIST_FILE = AutolayoutTest_RAY/Info.plist;
				LD_RUNPATH_SEARCH_PATHS = "$(inherited) @executable_path/Frameworks";
				PRODUCT_BUNDLE_IDENTIFIER = "com.kopat.dmitry.AutolayoutTest-RAY";
				PRODUCT_NAME = "$(TARGET_NAME)";
				SWIFT_VERSION = 3.0;
			};
			name = Release;
		};
/* End XCBuildConfiguration section */

/* Begin XCConfigurationList section */
		857D41D01FA078B300C1D563 /* Build configuration list for PBXProject "AutolayoutTest_RAY" */ = {
			isa = XCConfigurationList;
			buildConfigurations = (
				857D41E51FA078B500C1D563 /* Debug */,
				857D41E61FA078B500C1D563 /* Release */,
			);
			defaultConfigurationIsVisible = 0;
			defaultConfigurationName = Release;
		};
		857D41E71FA078B500C1D563 /* Build configuration list for PBXNativeTarget "AutolayoutTest_RAY" */ = {
			isa = XCConfigurationList;
			buildConfigurations = (
				857D41E81FA078B500C1D563 /* Debug */,
				857D41E91FA078B500C1D563 /* Release */,
			);
			defaultConfigurationIsVisible = 0;
		};
/* End XCConfigurationList section */
	};
	rootObject = 857D41CD1FA078B300C1D563 /* Project object */;
}
